// !$*UTF8*$!
{
	archiveVersion = 1;
	classes = {
	};
	objectVersion = 46;
	objects = {

/* Begin PBXBuildFile section */
		2130A14E1D51191C00B37C98 /* HomeTimelineViewController.swift in Sources */ = {isa = PBXBuildFile; fileRef = 2130A14D1D51191C00B37C98 /* HomeTimelineViewController.swift */; };
		21434C301D559E2D00B31122 /* UserProfile.storyboard in Resources */ = {isa = PBXBuildFile; fileRef = 21434C2E1D559E2D00B31122 /* UserProfile.storyboard */; };
		21434C331D559EAD00B31122 /* BaseViewController.swift in Sources */ = {isa = PBXBuildFile; fileRef = 21434C321D559EAD00B31122 /* BaseViewController.swift */; };
		21434C371D55AA5F00B31122 /* RequestStatusCell.swift in Sources */ = {isa = PBXBuildFile; fileRef = 21434C361D55AA5F00B31122 /* RequestStatusCell.swift */; };
		21434C391D55AB1B00B31122 /* AppUltility.swift in Sources */ = {isa = PBXBuildFile; fileRef = 21434C381D55AB1B00B31122 /* AppUltility.swift */; };
		21434C3B1D55AB9C00B31122 /* UserProfile.swift in Sources */ = {isa = PBXBuildFile; fileRef = 21434C3A1D55AB9C00B31122 /* UserProfile.swift */; };
		21434C3E1D55AC4700B31122 /* Location.swift in Sources */ = {isa = PBXBuildFile; fileRef = 21434C3D1D55AC4700B31122 /* Location.swift */; };
		21434C401D55ACAC00B31122 /* User.swift in Sources */ = {isa = PBXBuildFile; fileRef = 21434C3F1D55ACAC00B31122 /* User.swift */; };
		21434C421D55ACE300B31122 /* Worker.swift in Sources */ = {isa = PBXBuildFile; fileRef = 21434C411D55ACE300B31122 /* Worker.swift */; };
		21434C441D55AEE600B31122 /* Ticket.swift in Sources */ = {isa = PBXBuildFile; fileRef = 21434C431D55AEE600B31122 /* Ticket.swift */; };
		21434C461D55AF2F00B31122 /* TicketCategory.swift in Sources */ = {isa = PBXBuildFile; fileRef = 21434C451D55AF2F00B31122 /* TicketCategory.swift */; };
		219D49DF1D50B62E006B5ADE /* AppDelegate.swift in Sources */ = {isa = PBXBuildFile; fileRef = 219D49DE1D50B62E006B5ADE /* AppDelegate.swift */; };
		219D49E41D50B62E006B5ADE /* Main.storyboard in Resources */ = {isa = PBXBuildFile; fileRef = 219D49E21D50B62E006B5ADE /* Main.storyboard */; };
		219D49E61D50B62E006B5ADE /* Assets.xcassets in Resources */ = {isa = PBXBuildFile; fileRef = 219D49E51D50B62E006B5ADE /* Assets.xcassets */; };
		219D49E91D50B62E006B5ADE /* LaunchScreen.storyboard in Resources */ = {isa = PBXBuildFile; fileRef = 219D49E71D50B62E006B5ADE /* LaunchScreen.storyboard */; };
		21B3A1031D561CC700C1CE9E /* AppThemes.swift in Sources */ = {isa = PBXBuildFile; fileRef = 21B3A1021D561CC700C1CE9E /* AppThemes.swift */; };
		21B3A1051D562C3800C1CE9E /* CreateTicketViewController.swift in Sources */ = {isa = PBXBuildFile; fileRef = 21B3A1041D562C3800C1CE9E /* CreateTicketViewController.swift */; };
		21B3A1071D56379C00C1CE9E /* CategoryCell.swift in Sources */ = {isa = PBXBuildFile; fileRef = 21B3A1061D56379C00C1CE9E /* CategoryCell.swift */; };
		21B3A1091D56DC2D00C1CE9E /* SkyFloatingLabelTextField.swift in Sources */ = {isa = PBXBuildFile; fileRef = 21B3A1081D56DC2D00C1CE9E /* SkyFloatingLabelTextField.swift */; };
		21B3A10B1D56DF1700C1CE9E /* UITextField+fixCaretPosition.swift in Sources */ = {isa = PBXBuildFile; fileRef = 21B3A10A1D56DF1700C1CE9E /* UITextField+fixCaretPosition.swift */; };
		21B3A10D1D56E4C300C1CE9E /* TittleAndDescriptionViewController.swift in Sources */ = {isa = PBXBuildFile; fileRef = 21B3A10C1D56E4C300C1CE9E /* TittleAndDescriptionViewController.swift */; };
		21F8FE571D5A0E8600DD150D /* DimmingPresentationController.swift in Sources */ = {isa = PBXBuildFile; fileRef = 21F8FE561D5A0E8600DD150D /* DimmingPresentationController.swift */; };
		21F9E6F81D58F27B002D9DF6 /* WorkerDetailCell.swift in Sources */ = {isa = PBXBuildFile; fileRef = 21F9E6F71D58F27B002D9DF6 /* WorkerDetailCell.swift */; };
		21F9E6FA1D58F2B6002D9DF6 /* TicketBiddingViewController.swift in Sources */ = {isa = PBXBuildFile; fileRef = 21F9E6F91D58F2B6002D9DF6 /* TicketBiddingViewController.swift */; };
		21F9E6FC1D58F2D2002D9DF6 /* Notes.swift in Sources */ = {isa = PBXBuildFile; fileRef = 21F9E6FB1D58F2D2002D9DF6 /* Notes.swift */; };
		21F9E6FE1D58F930002D9DF6 /* WorkerHistoryViewController.swift in Sources */ = {isa = PBXBuildFile; fileRef = 21F9E6FD1D58F930002D9DF6 /* WorkerHistoryViewController.swift */; };
		21F9E7001D58F95D002D9DF6 /* WorkerHistoryCell.swift in Sources */ = {isa = PBXBuildFile; fileRef = 21F9E6FF1D58F95D002D9DF6 /* WorkerHistoryCell.swift */; };
		21F9E7041D5901F3002D9DF6 /* TicketDetailViewController.swift in Sources */ = {isa = PBXBuildFile; fileRef = 21F9E7031D5901F3002D9DF6 /* TicketDetailViewController.swift */; };
		21FC6A771D5A5C5700819090 /* T2HGradientView.swift in Sources */ = {isa = PBXBuildFile; fileRef = 21FC6A761D5A5C5700819090 /* T2HGradientView.swift */; };
		21FC6A791D5A65E700819090 /* T2HBouceAnimationController.swift in Sources */ = {isa = PBXBuildFile; fileRef = 21FC6A781D5A65E700819090 /* T2HBouceAnimationController.swift */; };
		21FC6A7B1D5A6EA900819090 /* T2HRotateOutAnimationController.swift in Sources */ = {isa = PBXBuildFile; fileRef = 21FC6A7A1D5A6EA900819090 /* T2HRotateOutAnimationController.swift */; };
		21FEDDD51D526F7A00AF58EF /* UserProfileViewController.swift in Sources */ = {isa = PBXBuildFile; fileRef = 21FEDDD41D526F7A00AF58EF /* UserProfileViewController.swift */; };
		6326151595FD7B29E155F761 /* Pods_PinGo.framework in Frameworks */ = {isa = PBXBuildFile; fileRef = 6816080423E9A75F36CECBB3 /* Pods_PinGo.framework */; };
/* End PBXBuildFile section */

/* Begin PBXFileReference section */
		2130A1451D510C7300B37C98 /* PinGo-Bridging-Header.h */ = {isa = PBXFileReference; lastKnownFileType = sourcecode.c.h; path = "PinGo-Bridging-Header.h"; sourceTree = "<group>"; };
		2130A14D1D51191C00B37C98 /* HomeTimelineViewController.swift */ = {isa = PBXFileReference; fileEncoding = 4; lastKnownFileType = sourcecode.swift; path = HomeTimelineViewController.swift; sourceTree = "<group>"; };
		21434C2F1D559E2D00B31122 /* Base */ = {isa = PBXFileReference; lastKnownFileType = file.storyboard; name = Base; path = Base.lproj/UserProfile.storyboard; sourceTree = "<group>"; };
		21434C321D559EAD00B31122 /* BaseViewController.swift */ = {isa = PBXFileReference; fileEncoding = 4; lastKnownFileType = sourcecode.swift; path = BaseViewController.swift; sourceTree = "<group>"; };
		21434C361D55AA5F00B31122 /* RequestStatusCell.swift */ = {isa = PBXFileReference; fileEncoding = 4; lastKnownFileType = sourcecode.swift; path = RequestStatusCell.swift; sourceTree = "<group>"; };
		21434C381D55AB1B00B31122 /* AppUltility.swift */ = {isa = PBXFileReference; fileEncoding = 4; lastKnownFileType = sourcecode.swift; path = AppUltility.swift; sourceTree = "<group>"; };
		21434C3A1D55AB9C00B31122 /* UserProfile.swift */ = {isa = PBXFileReference; fileEncoding = 4; lastKnownFileType = sourcecode.swift; path = UserProfile.swift; sourceTree = "<group>"; };
		21434C3D1D55AC4700B31122 /* Location.swift */ = {isa = PBXFileReference; fileEncoding = 4; lastKnownFileType = sourcecode.swift; path = Location.swift; sourceTree = "<group>"; };
		21434C3F1D55ACAC00B31122 /* User.swift */ = {isa = PBXFileReference; fileEncoding = 4; lastKnownFileType = sourcecode.swift; path = User.swift; sourceTree = "<group>"; };
		21434C411D55ACE300B31122 /* Worker.swift */ = {isa = PBXFileReference; fileEncoding = 4; lastKnownFileType = sourcecode.swift; path = Worker.swift; sourceTree = "<group>"; };
		21434C431D55AEE600B31122 /* Ticket.swift */ = {isa = PBXFileReference; fileEncoding = 4; lastKnownFileType = sourcecode.swift; path = Ticket.swift; sourceTree = "<group>"; };
		21434C451D55AF2F00B31122 /* TicketCategory.swift */ = {isa = PBXFileReference; fileEncoding = 4; lastKnownFileType = sourcecode.swift; path = TicketCategory.swift; sourceTree = "<group>"; };
		219D49DB1D50B62E006B5ADE /* PinGo.app */ = {isa = PBXFileReference; explicitFileType = wrapper.application; includeInIndex = 0; path = PinGo.app; sourceTree = BUILT_PRODUCTS_DIR; };
		219D49DE1D50B62E006B5ADE /* AppDelegate.swift */ = {isa = PBXFileReference; lastKnownFileType = sourcecode.swift; path = AppDelegate.swift; sourceTree = "<group>"; };
		219D49E31D50B62E006B5ADE /* Base */ = {isa = PBXFileReference; lastKnownFileType = file.storyboard; name = Base; path = Base.lproj/Main.storyboard; sourceTree = "<group>"; };
		219D49E51D50B62E006B5ADE /* Assets.xcassets */ = {isa = PBXFileReference; lastKnownFileType = folder.assetcatalog; path = Assets.xcassets; sourceTree = "<group>"; };
		219D49E81D50B62E006B5ADE /* Base */ = {isa = PBXFileReference; lastKnownFileType = file.storyboard; name = Base; path = Base.lproj/LaunchScreen.storyboard; sourceTree = "<group>"; };
		219D49EA1D50B62E006B5ADE /* Info.plist */ = {isa = PBXFileReference; lastKnownFileType = text.plist.xml; path = Info.plist; sourceTree = "<group>"; };
		21B3A1021D561CC700C1CE9E /* AppThemes.swift */ = {isa = PBXFileReference; fileEncoding = 4; lastKnownFileType = sourcecode.swift; path = AppThemes.swift; sourceTree = "<group>"; };
		21B3A1041D562C3800C1CE9E /* CreateTicketViewController.swift */ = {isa = PBXFileReference; fileEncoding = 4; lastKnownFileType = sourcecode.swift; path = CreateTicketViewController.swift; sourceTree = "<group>"; };
		21B3A1061D56379C00C1CE9E /* CategoryCell.swift */ = {isa = PBXFileReference; fileEncoding = 4; lastKnownFileType = sourcecode.swift; path = CategoryCell.swift; sourceTree = "<group>"; };
		21B3A1081D56DC2D00C1CE9E /* SkyFloatingLabelTextField.swift */ = {isa = PBXFileReference; fileEncoding = 4; lastKnownFileType = sourcecode.swift; path = SkyFloatingLabelTextField.swift; sourceTree = "<group>"; };
		21B3A10A1D56DF1700C1CE9E /* UITextField+fixCaretPosition.swift */ = {isa = PBXFileReference; fileEncoding = 4; lastKnownFileType = sourcecode.swift; path = "UITextField+fixCaretPosition.swift"; sourceTree = "<group>"; };
		21B3A10C1D56E4C300C1CE9E /* TittleAndDescriptionViewController.swift */ = {isa = PBXFileReference; fileEncoding = 4; lastKnownFileType = sourcecode.swift; path = TittleAndDescriptionViewController.swift; sourceTree = "<group>"; };
		21F8FE561D5A0E8600DD150D /* DimmingPresentationController.swift */ = {isa = PBXFileReference; fileEncoding = 4; lastKnownFileType = sourcecode.swift; path = DimmingPresentationController.swift; sourceTree = "<group>"; };
		21F9E6F71D58F27B002D9DF6 /* WorkerDetailCell.swift */ = {isa = PBXFileReference; fileEncoding = 4; lastKnownFileType = sourcecode.swift; path = WorkerDetailCell.swift; sourceTree = "<group>"; };
		21F9E6F91D58F2B6002D9DF6 /* TicketBiddingViewController.swift */ = {isa = PBXFileReference; fileEncoding = 4; lastKnownFileType = sourcecode.swift; path = TicketBiddingViewController.swift; sourceTree = "<group>"; };
		21F9E6FB1D58F2D2002D9DF6 /* Notes.swift */ = {isa = PBXFileReference; fileEncoding = 4; lastKnownFileType = sourcecode.swift; path = Notes.swift; sourceTree = "<group>"; };
		21F9E6FD1D58F930002D9DF6 /* WorkerHistoryViewController.swift */ = {isa = PBXFileReference; fileEncoding = 4; lastKnownFileType = sourcecode.swift; path = WorkerHistoryViewController.swift; sourceTree = "<group>"; };
		21F9E6FF1D58F95D002D9DF6 /* WorkerHistoryCell.swift */ = {isa = PBXFileReference; fileEncoding = 4; lastKnownFileType = sourcecode.swift; path = WorkerHistoryCell.swift; sourceTree = "<group>"; };
		21F9E7031D5901F3002D9DF6 /* TicketDetailViewController.swift */ = {isa = PBXFileReference; fileEncoding = 4; lastKnownFileType = sourcecode.swift; path = TicketDetailViewController.swift; sourceTree = "<group>"; };
		21FC6A761D5A5C5700819090 /* T2HGradientView.swift */ = {isa = PBXFileReference; fileEncoding = 4; lastKnownFileType = sourcecode.swift; path = T2HGradientView.swift; sourceTree = "<group>"; };
		21FC6A781D5A65E700819090 /* T2HBouceAnimationController.swift */ = {isa = PBXFileReference; fileEncoding = 4; lastKnownFileType = sourcecode.swift; path = T2HBouceAnimationController.swift; sourceTree = "<group>"; };
		21FC6A7A1D5A6EA900819090 /* T2HRotateOutAnimationController.swift */ = {isa = PBXFileReference; fileEncoding = 4; lastKnownFileType = sourcecode.swift; path = T2HRotateOutAnimationController.swift; sourceTree = "<group>"; };
		21FEDDD41D526F7A00AF58EF /* UserProfileViewController.swift */ = {isa = PBXFileReference; fileEncoding = 4; lastKnownFileType = sourcecode.swift; path = UserProfileViewController.swift; sourceTree = "<group>"; };
		46B67295BCB5B178E35CE385 /* Pods-PinGo.release.xcconfig */ = {isa = PBXFileReference; includeInIndex = 1; lastKnownFileType = text.xcconfig; name = "Pods-PinGo.release.xcconfig"; path = "Pods/Target Support Files/Pods-PinGo/Pods-PinGo.release.xcconfig"; sourceTree = "<group>"; };
		6816080423E9A75F36CECBB3 /* Pods_PinGo.framework */ = {isa = PBXFileReference; explicitFileType = wrapper.framework; includeInIndex = 0; path = Pods_PinGo.framework; sourceTree = BUILT_PRODUCTS_DIR; };
		ED68344C6C8996F6D0AE5D86 /* Pods-PinGo.debug.xcconfig */ = {isa = PBXFileReference; includeInIndex = 1; lastKnownFileType = text.xcconfig; name = "Pods-PinGo.debug.xcconfig"; path = "Pods/Target Support Files/Pods-PinGo/Pods-PinGo.debug.xcconfig"; sourceTree = "<group>"; };
/* End PBXFileReference section */

/* Begin PBXFrameworksBuildPhase section */
		219D49D81D50B62E006B5ADE /* Frameworks */ = {
			isa = PBXFrameworksBuildPhase;
			buildActionMask = 2147483647;
			files = (
				6326151595FD7B29E155F761 /* Pods_PinGo.framework in Frameworks */,
			);
			runOnlyForDeploymentPostprocessing = 0;
		};
/* End PBXFrameworksBuildPhase section */

/* Begin PBXGroup section */
		13C4AFBCD804607FF7D2A427 /* Pods */ = {
			isa = PBXGroup;
			children = (
				ED68344C6C8996F6D0AE5D86 /* Pods-PinGo.debug.xcconfig */,
				46B67295BCB5B178E35CE385 /* Pods-PinGo.release.xcconfig */,
			);
			name = Pods;
			sourceTree = "<group>";
		};
		21434C311D559E4C00B31122 /* ViewControllers */ = {
			isa = PBXGroup;
			children = (
				21B3A10E1D56EF7300C1CE9E /* ToBeUsedLater */,
				2130A14D1D51191C00B37C98 /* HomeTimelineViewController.swift */,
				21FEDDD41D526F7A00AF58EF /* UserProfileViewController.swift */,
				21434C321D559EAD00B31122 /* BaseViewController.swift */,
				21B3A1041D562C3800C1CE9E /* CreateTicketViewController.swift */,
				21F9E6F91D58F2B6002D9DF6 /* TicketBiddingViewController.swift */,
				21F9E6FD1D58F930002D9DF6 /* WorkerHistoryViewController.swift */,
				21F9E7031D5901F3002D9DF6 /* TicketDetailViewController.swift */,
			);
			name = ViewControllers;
			sourceTree = "<group>";
		};
		21434C341D55AA2800B31122 /* Views */ = {
			isa = PBXGroup;
			children = (
				21434C361D55AA5F00B31122 /* RequestStatusCell.swift */,
				21B3A1061D56379C00C1CE9E /* CategoryCell.swift */,
				21F9E6F71D58F27B002D9DF6 /* WorkerDetailCell.swift */,
				21F9E6FF1D58F95D002D9DF6 /* WorkerHistoryCell.swift */,
			);
			name = Views;
			sourceTree = "<group>";
		};
		21434C351D55AA3400B31122 /* Models */ = {
			isa = PBXGroup;
			children = (
				21434C3F1D55ACAC00B31122 /* User.swift */,
				21434C411D55ACE300B31122 /* Worker.swift */,
				21434C3A1D55AB9C00B31122 /* UserProfile.swift */,
				21434C3D1D55AC4700B31122 /* Location.swift */,
				21434C431D55AEE600B31122 /* Ticket.swift */,
				21434C451D55AF2F00B31122 /* TicketCategory.swift */,
			);
			name = Models;
			sourceTree = "<group>";
		};
		219D49D21D50B62D006B5ADE = {
			isa = PBXGroup;
			children = (
				219D49DD1D50B62E006B5ADE /* PinGo */,
				219D49DC1D50B62E006B5ADE /* Products */,
				13C4AFBCD804607FF7D2A427 /* Pods */,
				D07DBF9DE7222C3D2DDBE867 /* Frameworks */,
			);
			sourceTree = "<group>";
		};
		219D49DC1D50B62E006B5ADE /* Products */ = {
			isa = PBXGroup;
			children = (
				219D49DB1D50B62E006B5ADE /* PinGo.app */,
			);
			name = Products;
			sourceTree = "<group>";
		};
		219D49DD1D50B62E006B5ADE /* PinGo */ = {
			isa = PBXGroup;
			children = (
				21FC6A751D5A3CD800819090 /* Helpers */,
				21434C351D55AA3400B31122 /* Models */,
				21434C341D55AA2800B31122 /* Views */,
				21434C311D559E4C00B31122 /* ViewControllers */,
				219D49DE1D50B62E006B5ADE /* AppDelegate.swift */,
				219D49E21D50B62E006B5ADE /* Main.storyboard */,
				21434C2E1D559E2D00B31122 /* UserProfile.storyboard */,
				219D49E51D50B62E006B5ADE /* Assets.xcassets */,
				219D49E71D50B62E006B5ADE /* LaunchScreen.storyboard */,
				219D49EA1D50B62E006B5ADE /* Info.plist */,
				2130A1451D510C7300B37C98 /* PinGo-Bridging-Header.h */,
				21434C381D55AB1B00B31122 /* AppUltility.swift */,
				21B3A1021D561CC700C1CE9E /* AppThemes.swift */,
				21F9E6FB1D58F2D2002D9DF6 /* Notes.swift */,
			);
			path = PinGo;
			sourceTree = "<group>";
		};
		21B3A10E1D56EF7300C1CE9E /* ToBeUsedLater */ = {
			isa = PBXGroup;
			children = (
				21B3A1081D56DC2D00C1CE9E /* SkyFloatingLabelTextField.swift */,
				21B3A10A1D56DF1700C1CE9E /* UITextField+fixCaretPosition.swift */,
				21B3A10C1D56E4C300C1CE9E /* TittleAndDescriptionViewController.swift */,
			);
			name = ToBeUsedLater;
			sourceTree = "<group>";
		};
		21FC6A751D5A3CD800819090 /* Helpers */ = {
			isa = PBXGroup;
			children = (
				21F8FE561D5A0E8600DD150D /* DimmingPresentationController.swift */,
				21FC6A761D5A5C5700819090 /* T2HGradientView.swift */,
				21FC6A781D5A65E700819090 /* T2HBouceAnimationController.swift */,
				21FC6A7A1D5A6EA900819090 /* T2HRotateOutAnimationController.swift */,
			);
			name = Helpers;
			sourceTree = "<group>";
		};
		D07DBF9DE7222C3D2DDBE867 /* Frameworks */ = {
			isa = PBXGroup;
			children = (
				6816080423E9A75F36CECBB3 /* Pods_PinGo.framework */,
			);
			name = Frameworks;
			sourceTree = "<group>";
		};
/* End PBXGroup section */

/* Begin PBXNativeTarget section */
		219D49DA1D50B62E006B5ADE /* PinGo */ = {
			isa = PBXNativeTarget;
			buildConfigurationList = 219D49ED1D50B62E006B5ADE /* Build configuration list for PBXNativeTarget "PinGo" */;
			buildPhases = (
				871DC97A4F24EFE7012E01E7 /* [CP] Check Pods Manifest.lock */,
				219D49D71D50B62E006B5ADE /* Sources */,
				219D49D81D50B62E006B5ADE /* Frameworks */,
				219D49D91D50B62E006B5ADE /* Resources */,
				69EA5965200534EF49A221B0 /* [CP] Embed Pods Frameworks */,
				713253DB9266CB90E959C811 /* [CP] Copy Pods Resources */,
			);
			buildRules = (
			);
			dependencies = (
			);
			name = PinGo;
			productName = PinGo;
			productReference = 219D49DB1D50B62E006B5ADE /* PinGo.app */;
			productType = "com.apple.product-type.application";
		};
/* End PBXNativeTarget section */

/* Begin PBXProject section */
		219D49D31D50B62E006B5ADE /* Project object */ = {
			isa = PBXProject;
			attributes = {
				LastSwiftUpdateCheck = 0730;
				LastUpgradeCheck = 0730;
				ORGANIZATIONNAME = "Hien Tran";
				TargetAttributes = {
					219D49DA1D50B62E006B5ADE = {
						CreatedOnToolsVersion = 7.3.1;
						DevelopmentTeam = PZ96SBWHN3;
					};
				};
			};
			buildConfigurationList = 219D49D61D50B62E006B5ADE /* Build configuration list for PBXProject "PinGo" */;
			compatibilityVersion = "Xcode 3.2";
			developmentRegion = English;
			hasScannedForEncodings = 0;
			knownRegions = (
				en,
				Base,
			);
			mainGroup = 219D49D21D50B62D006B5ADE;
			productRefGroup = 219D49DC1D50B62E006B5ADE /* Products */;
			projectDirPath = "";
			projectRoot = "";
			targets = (
				219D49DA1D50B62E006B5ADE /* PinGo */,
			);
		};
/* End PBXProject section */

/* Begin PBXResourcesBuildPhase section */
		219D49D91D50B62E006B5ADE /* Resources */ = {
			isa = PBXResourcesBuildPhase;
			buildActionMask = 2147483647;
			files = (
				219D49E91D50B62E006B5ADE /* LaunchScreen.storyboard in Resources */,
				21434C301D559E2D00B31122 /* UserProfile.storyboard in Resources */,
				219D49E61D50B62E006B5ADE /* Assets.xcassets in Resources */,
				219D49E41D50B62E006B5ADE /* Main.storyboard in Resources */,
			);
			runOnlyForDeploymentPostprocessing = 0;
		};
/* End PBXResourcesBuildPhase section */

/* Begin PBXShellScriptBuildPhase section */
		69EA5965200534EF49A221B0 /* [CP] Embed Pods Frameworks */ = {
			isa = PBXShellScriptBuildPhase;
			buildActionMask = 2147483647;
			files = (
			);
			inputPaths = (
			);
			name = "[CP] Embed Pods Frameworks";
			outputPaths = (
			);
			runOnlyForDeploymentPostprocessing = 0;
			shellPath = /bin/sh;
			shellScript = "\"${SRCROOT}/Pods/Target Support Files/Pods-PinGo/Pods-PinGo-frameworks.sh\"\n";
			showEnvVarsInLog = 0;
		};
		713253DB9266CB90E959C811 /* [CP] Copy Pods Resources */ = {
			isa = PBXShellScriptBuildPhase;
			buildActionMask = 2147483647;
			files = (
			);
			inputPaths = (
			);
			name = "[CP] Copy Pods Resources";
			outputPaths = (
			);
			runOnlyForDeploymentPostprocessing = 0;
			shellPath = /bin/sh;
			shellScript = "\"${SRCROOT}/Pods/Target Support Files/Pods-PinGo/Pods-PinGo-resources.sh\"\n";
			showEnvVarsInLog = 0;
		};
		871DC97A4F24EFE7012E01E7 /* [CP] Check Pods Manifest.lock */ = {
			isa = PBXShellScriptBuildPhase;
			buildActionMask = 2147483647;
			files = (
			);
			inputPaths = (
			);
			name = "[CP] Check Pods Manifest.lock";
			outputPaths = (
			);
			runOnlyForDeploymentPostprocessing = 0;
			shellPath = /bin/sh;
			shellScript = "diff \"${PODS_ROOT}/../Podfile.lock\" \"${PODS_ROOT}/Manifest.lock\" > /dev/null\nif [[ $? != 0 ]] ; then\n    cat << EOM\nerror: The sandbox is not in sync with the Podfile.lock. Run 'pod install' or update your CocoaPods installation.\nEOM\n    exit 1\nfi\n";
			showEnvVarsInLog = 0;
		};
/* End PBXShellScriptBuildPhase section */

/* Begin PBXSourcesBuildPhase section */
		219D49D71D50B62E006B5ADE /* Sources */ = {
			isa = PBXSourcesBuildPhase;
			buildActionMask = 2147483647;
			files = (
				21B3A1031D561CC700C1CE9E /* AppThemes.swift in Sources */,
				21434C441D55AEE600B31122 /* Ticket.swift in Sources */,
				21F9E7001D58F95D002D9DF6 /* WorkerHistoryCell.swift in Sources */,
				21FC6A771D5A5C5700819090 /* T2HGradientView.swift in Sources */,
				21B3A1051D562C3800C1CE9E /* CreateTicketViewController.swift in Sources */,
				2130A14E1D51191C00B37C98 /* HomeTimelineViewController.swift in Sources */,
				21434C331D559EAD00B31122 /* BaseViewController.swift in Sources */,
				21434C3E1D55AC4700B31122 /* Location.swift in Sources */,
				21FEDDD51D526F7A00AF58EF /* UserProfileViewController.swift in Sources */,
				21B3A10D1D56E4C300C1CE9E /* TittleAndDescriptionViewController.swift in Sources */,
				21F9E6FC1D58F2D2002D9DF6 /* Notes.swift in Sources */,
				21F9E7041D5901F3002D9DF6 /* TicketDetailViewController.swift in Sources */,
				21B3A10B1D56DF1700C1CE9E /* UITextField+fixCaretPosition.swift in Sources */,
				21434C371D55AA5F00B31122 /* RequestStatusCell.swift in Sources */,
				21F9E6FE1D58F930002D9DF6 /* WorkerHistoryViewController.swift in Sources */,
				21F9E6F81D58F27B002D9DF6 /* WorkerDetailCell.swift in Sources */,
				21434C421D55ACE300B31122 /* Worker.swift in Sources */,
				21F8FE571D5A0E8600DD150D /* DimmingPresentationController.swift in Sources */,
				21434C401D55ACAC00B31122 /* User.swift in Sources */,
				219D49DF1D50B62E006B5ADE /* AppDelegate.swift in Sources */,
				21434C391D55AB1B00B31122 /* AppUltility.swift in Sources */,
				21434C3B1D55AB9C00B31122 /* UserProfile.swift in Sources */,
				21434C461D55AF2F00B31122 /* TicketCategory.swift in Sources */,
				21B3A1091D56DC2D00C1CE9E /* SkyFloatingLabelTextField.swift in Sources */,
				21FC6A791D5A65E700819090 /* T2HBouceAnimationController.swift in Sources */,
				21F9E6FA1D58F2B6002D9DF6 /* TicketBiddingViewController.swift in Sources */,
				21FC6A7B1D5A6EA900819090 /* T2HRotateOutAnimationController.swift in Sources */,
				21B3A1071D56379C00C1CE9E /* CategoryCell.swift in Sources */,
			);
			runOnlyForDeploymentPostprocessing = 0;
		};
/* End PBXSourcesBuildPhase section */

/* Begin PBXVariantGroup section */
		21434C2E1D559E2D00B31122 /* UserProfile.storyboard */ = {
			isa = PBXVariantGroup;
			children = (
				21434C2F1D559E2D00B31122 /* Base */,
			);
			name = UserProfile.storyboard;
			sourceTree = "<group>";
		};
		219D49E21D50B62E006B5ADE /* Main.storyboard */ = {
			isa = PBXVariantGroup;
			children = (
				219D49E31D50B62E006B5ADE /* Base */,
			);
			name = Main.storyboard;
			sourceTree = "<group>";
		};
		219D49E71D50B62E006B5ADE /* LaunchScreen.storyboard */ = {
			isa = PBXVariantGroup;
			children = (
				219D49E81D50B62E006B5ADE /* Base */,
			);
			name = LaunchScreen.storyboard;
			sourceTree = "<group>";
		};
/* End PBXVariantGroup section */

/* Begin XCBuildConfiguration section */
		219D49EB1D50B62E006B5ADE /* Debug */ = {
			isa = XCBuildConfiguration;
			buildSettings = {
				ALWAYS_SEARCH_USER_PATHS = NO;
				CLANG_ANALYZER_NONNULL = YES;
				CLANG_CXX_LANGUAGE_STANDARD = "gnu++0x";
				CLANG_CXX_LIBRARY = "libc++";
				CLANG_ENABLE_MODULES = YES;
				CLANG_ENABLE_OBJC_ARC = YES;
				CLANG_WARN_BOOL_CONVERSION = YES;
				CLANG_WARN_CONSTANT_CONVERSION = YES;
				CLANG_WARN_DIRECT_OBJC_ISA_USAGE = YES_ERROR;
				CLANG_WARN_EMPTY_BODY = YES;
				CLANG_WARN_ENUM_CONVERSION = YES;
				CLANG_WARN_INT_CONVERSION = YES;
				CLANG_WARN_OBJC_ROOT_CLASS = YES_ERROR;
				CLANG_WARN_UNREACHABLE_CODE = YES;
				CLANG_WARN__DUPLICATE_METHOD_MATCH = YES;
				"CODE_SIGN_IDENTITY[sdk=iphoneos*]" = "iPhone Developer";
				COPY_PHASE_STRIP = NO;
				DEBUG_INFORMATION_FORMAT = dwarf;
				ENABLE_STRICT_OBJC_MSGSEND = YES;
				ENABLE_TESTABILITY = YES;
				GCC_C_LANGUAGE_STANDARD = gnu99;
				GCC_DYNAMIC_NO_PIC = NO;
				GCC_NO_COMMON_BLOCKS = YES;
				GCC_OPTIMIZATION_LEVEL = 0;
				GCC_PREPROCESSOR_DEFINITIONS = (
					"DEBUG=1",
					"$(inherited)",
				);
				GCC_WARN_64_TO_32_BIT_CONVERSION = YES;
				GCC_WARN_ABOUT_RETURN_TYPE = YES_ERROR;
				GCC_WARN_UNDECLARED_SELECTOR = YES;
				GCC_WARN_UNINITIALIZED_AUTOS = YES_AGGRESSIVE;
				GCC_WARN_UNUSED_FUNCTION = YES;
				GCC_WARN_UNUSED_VARIABLE = YES;
				IPHONEOS_DEPLOYMENT_TARGET = 9.3;
				MTL_ENABLE_DEBUG_INFO = YES;
				ONLY_ACTIVE_ARCH = YES;
				SDKROOT = iphoneos;
				SWIFT_OPTIMIZATION_LEVEL = "-Onone";
			};
			name = Debug;
		};
		219D49EC1D50B62E006B5ADE /* Release */ = {
			isa = XCBuildConfiguration;
			buildSettings = {
				ALWAYS_SEARCH_USER_PATHS = NO;
				CLANG_ANALYZER_NONNULL = YES;
				CLANG_CXX_LANGUAGE_STANDARD = "gnu++0x";
				CLANG_CXX_LIBRARY = "libc++";
				CLANG_ENABLE_MODULES = YES;
				CLANG_ENABLE_OBJC_ARC = YES;
				CLANG_WARN_BOOL_CONVERSION = YES;
				CLANG_WARN_CONSTANT_CONVERSION = YES;
				CLANG_WARN_DIRECT_OBJC_ISA_USAGE = YES_ERROR;
				CLANG_WARN_EMPTY_BODY = YES;
				CLANG_WARN_ENUM_CONVERSION = YES;
				CLANG_WARN_INT_CONVERSION = YES;
				CLANG_WARN_OBJC_ROOT_CLASS = YES_ERROR;
				CLANG_WARN_UNREACHABLE_CODE = YES;
				CLANG_WARN__DUPLICATE_METHOD_MATCH = YES;
				"CODE_SIGN_IDENTITY[sdk=iphoneos*]" = "iPhone Developer";
				COPY_PHASE_STRIP = NO;
				DEBUG_INFORMATION_FORMAT = "dwarf-with-dsym";
				ENABLE_NS_ASSERTIONS = NO;
				ENABLE_STRICT_OBJC_MSGSEND = YES;
				GCC_C_LANGUAGE_STANDARD = gnu99;
				GCC_NO_COMMON_BLOCKS = YES;
				GCC_WARN_64_TO_32_BIT_CONVERSION = YES;
				GCC_WARN_ABOUT_RETURN_TYPE = YES_ERROR;
				GCC_WARN_UNDECLARED_SELECTOR = YES;
				GCC_WARN_UNINITIALIZED_AUTOS = YES_AGGRESSIVE;
				GCC_WARN_UNUSED_FUNCTION = YES;
				GCC_WARN_UNUSED_VARIABLE = YES;
				IPHONEOS_DEPLOYMENT_TARGET = 9.3;
				MTL_ENABLE_DEBUG_INFO = NO;
				SDKROOT = iphoneos;
				VALIDATE_PRODUCT = YES;
			};
			name = Release;
		};
		219D49EE1D50B62E006B5ADE /* Debug */ = {
			isa = XCBuildConfiguration;
			baseConfigurationReference = ED68344C6C8996F6D0AE5D86 /* Pods-PinGo.debug.xcconfig */;
			buildSettings = {
				ASSETCATALOG_COMPILER_APPICON_NAME = AppIcon;
				CLANG_ENABLE_MODULES = YES;
				INFOPLIST_FILE = PinGo/Info.plist;
				LD_RUNPATH_SEARCH_PATHS = "$(inherited) @executable_path/Frameworks";
				PRODUCT_BUNDLE_IDENTIFIER = com.ballssqueezer.PinGo;
				PRODUCT_NAME = "$(TARGET_NAME)";
				SWIFT_OBJC_BRIDGING_HEADER = "PinGo/PinGo-Bridging-Header.h";
				SWIFT_OPTIMIZATION_LEVEL = "-Onone";
			};
			name = Debug;
		};
		219D49EF1D50B62E006B5ADE /* Release */ = {
			isa = XCBuildConfiguration;
			baseConfigurationReference = 46B67295BCB5B178E35CE385 /* Pods-PinGo.release.xcconfig */;
			buildSettings = {
				ASSETCATALOG_COMPILER_APPICON_NAME = AppIcon;
				CLANG_ENABLE_MODULES = YES;
				INFOPLIST_FILE = PinGo/Info.plist;
				LD_RUNPATH_SEARCH_PATHS = "$(inherited) @executable_path/Frameworks";
				PRODUCT_BUNDLE_IDENTIFIER = com.ballssqueezer.PinGo;
				PRODUCT_NAME = "$(TARGET_NAME)";
				SWIFT_OBJC_BRIDGING_HEADER = "PinGo/PinGo-Bridging-Header.h";
			};
			name = Release;
		};
/* End XCBuildConfiguration section */

/* Begin XCConfigurationList section */
		219D49D61D50B62E006B5ADE /* Build configuration list for PBXProject "PinGo" */ = {
			isa = XCConfigurationList;
			buildConfigurations = (
				219D49EB1D50B62E006B5ADE /* Debug */,
				219D49EC1D50B62E006B5ADE /* Release */,
			);
			defaultConfigurationIsVisible = 0;
			defaultConfigurationName = Release;
		};
		219D49ED1D50B62E006B5ADE /* Build configuration list for PBXNativeTarget "PinGo" */ = {
			isa = XCConfigurationList;
			buildConfigurations = (
				219D49EE1D50B62E006B5ADE /* Debug */,
				219D49EF1D50B62E006B5ADE /* Release */,
			);
			defaultConfigurationIsVisible = 0;
			defaultConfigurationName = Release;
		};
/* End XCConfigurationList section */
	};
	rootObject = 219D49D31D50B62E006B5ADE /* Project object */;
}
