// !$*UTF8*$!
{
	archiveVersion = 1;
	classes = {
	};
	objectVersion = 46;
	objects = {

/* Begin PBXBuildFile section */
		21008E7F1D71A08F008332EC /* DateTimePickerViewController.swift in Sources */ = {isa = PBXBuildFile; fileRef = 21008E7E1D71A08F008332EC /* DateTimePickerViewController.swift */; };
		21008E861D71C4AD008332EC /* HelveticaNeueLTStd-Lt.ttf in Resources */ = {isa = PBXBuildFile; fileRef = 21008E821D71C366008332EC /* HelveticaNeueLTStd-Lt.ttf */; };
		21008E871D71C4AD008332EC /* HelveticaNeueLTStd-LtEx.ttf in Resources */ = {isa = PBXBuildFile; fileRef = 21008E831D71C366008332EC /* HelveticaNeueLTStd-LtEx.ttf */; };
		21008E881D71C4AD008332EC /* Oswald.light.ttf in Resources */ = {isa = PBXBuildFile; fileRef = 21008E841D71C366008332EC /* Oswald.light.ttf */; };
		21008E891D71C4AD008332EC /* Oswald-Regular.ttf in Resources */ = {isa = PBXBuildFile; fileRef = 21008E851D71C366008332EC /* Oswald-Regular.ttf */; };
		210981251D6D6A8800F6189A /* PhotoSlidePageViewController.swift in Sources */ = {isa = PBXBuildFile; fileRef = 210981241D6D6A8800F6189A /* PhotoSlidePageViewController.swift */; };
		210EF8C51D5AEEF800889AAD /* T2HTextViewWithPlaceHolder.swift in Sources */ = {isa = PBXBuildFile; fileRef = 210EF8C41D5AEEF800889AAD /* T2HTextViewWithPlaceHolder.swift */; };
		210EF8C71D5B7E3000889AAD /* T2HGradientUIView.swift in Sources */ = {isa = PBXBuildFile; fileRef = 210EF8C61D5B7E3000889AAD /* T2HGradientUIView.swift */; };
		2130A14E1D51191C00B37C98 /* HomeTimelineViewController.swift in Sources */ = {isa = PBXBuildFile; fileRef = 2130A14D1D51191C00B37C98 /* HomeTimelineViewController.swift */; };
		213D284B1D64D941009A06D8 /* NothingFoundCell.xib in Resources */ = {isa = PBXBuildFile; fileRef = 213D284A1D64D941009A06D8 /* NothingFoundCell.xib */; };
		21434C331D559EAD00B31122 /* BaseViewController.swift in Sources */ = {isa = PBXBuildFile; fileRef = 21434C321D559EAD00B31122 /* BaseViewController.swift */; };
		21434C371D55AA5F00B31122 /* RequestStatusCell.swift in Sources */ = {isa = PBXBuildFile; fileRef = 21434C361D55AA5F00B31122 /* RequestStatusCell.swift */; };
		21434C391D55AB1B00B31122 /* AppUltility.swift in Sources */ = {isa = PBXBuildFile; fileRef = 21434C381D55AB1B00B31122 /* AppUltility.swift */; };
		21434C3B1D55AB9C00B31122 /* UserProfile.swift in Sources */ = {isa = PBXBuildFile; fileRef = 21434C3A1D55AB9C00B31122 /* UserProfile.swift */; };
		21434C3E1D55AC4700B31122 /* Location.swift in Sources */ = {isa = PBXBuildFile; fileRef = 21434C3D1D55AC4700B31122 /* Location.swift */; };
		21434C401D55ACAC00B31122 /* User.swift in Sources */ = {isa = PBXBuildFile; fileRef = 21434C3F1D55ACAC00B31122 /* User.swift */; };
		21434C421D55ACE300B31122 /* Worker.swift in Sources */ = {isa = PBXBuildFile; fileRef = 21434C411D55ACE300B31122 /* Worker.swift */; };
		21434C441D55AEE600B31122 /* Ticket.swift in Sources */ = {isa = PBXBuildFile; fileRef = 21434C431D55AEE600B31122 /* Ticket.swift */; };
		21434C461D55AF2F00B31122 /* TicketCategory.swift in Sources */ = {isa = PBXBuildFile; fileRef = 21434C451D55AF2F00B31122 /* TicketCategory.swift */; };
		219D49DF1D50B62E006B5ADE /* AppDelegate.swift in Sources */ = {isa = PBXBuildFile; fileRef = 219D49DE1D50B62E006B5ADE /* AppDelegate.swift */; };
		219D49E41D50B62E006B5ADE /* Main.storyboard in Resources */ = {isa = PBXBuildFile; fileRef = 219D49E21D50B62E006B5ADE /* Main.storyboard */; };
		219D49E61D50B62E006B5ADE /* Assets.xcassets in Resources */ = {isa = PBXBuildFile; fileRef = 219D49E51D50B62E006B5ADE /* Assets.xcassets */; };
		219D49E91D50B62E006B5ADE /* LaunchScreen.storyboard in Resources */ = {isa = PBXBuildFile; fileRef = 219D49E71D50B62E006B5ADE /* LaunchScreen.storyboard */; };
		21A3018D1D73052B0073459E /* AddTicketDetailViewController.swift in Sources */ = {isa = PBXBuildFile; fileRef = 21A3018C1D73052B0073459E /* AddTicketDetailViewController.swift */; };
		21A6F9801D69792800AA2EBF /* SetPricePopUpViewController.swift in Sources */ = {isa = PBXBuildFile; fileRef = 21A6F97F1D69792800AA2EBF /* SetPricePopUpViewController.swift */; };
		21A6F9821D69971900AA2EBF /* TicketPhotoViewController.swift in Sources */ = {isa = PBXBuildFile; fileRef = 21A6F9811D69971900AA2EBF /* TicketPhotoViewController.swift */; };
		21A6F9841D699EFC00AA2EBF /* TicketDetailViewController.swift in Sources */ = {isa = PBXBuildFile; fileRef = 21A6F9831D699EFC00AA2EBF /* TicketDetailViewController.swift */; };
		21A6F9861D69A78400AA2EBF /* TicketImageCell.swift in Sources */ = {isa = PBXBuildFile; fileRef = 21A6F9851D69A78400AA2EBF /* TicketImageCell.swift */; };
		21B3A1031D561CC700C1CE9E /* AppThemes.swift in Sources */ = {isa = PBXBuildFile; fileRef = 21B3A1021D561CC700C1CE9E /* AppThemes.swift */; };
		21B3A1051D562C3800C1CE9E /* CreateTicketViewController.swift in Sources */ = {isa = PBXBuildFile; fileRef = 21B3A1041D562C3800C1CE9E /* CreateTicketViewController.swift */; };
		21B3A1071D56379C00C1CE9E /* CategoryCell.swift in Sources */ = {isa = PBXBuildFile; fileRef = 21B3A1061D56379C00C1CE9E /* CategoryCell.swift */; };
		21B3A1091D56DC2D00C1CE9E /* SkyFloatingLabelTextField.swift in Sources */ = {isa = PBXBuildFile; fileRef = 21B3A1081D56DC2D00C1CE9E /* SkyFloatingLabelTextField.swift */; };
		21B3A10B1D56DF1700C1CE9E /* UITextField+fixCaretPosition.swift in Sources */ = {isa = PBXBuildFile; fileRef = 21B3A10A1D56DF1700C1CE9E /* UITextField+fixCaretPosition.swift */; };
		21F8FE571D5A0E8600DD150D /* DimmingPresentationController.swift in Sources */ = {isa = PBXBuildFile; fileRef = 21F8FE561D5A0E8600DD150D /* DimmingPresentationController.swift */; };
		21F9E6F81D58F27B002D9DF6 /* WorkerDetailCell.swift in Sources */ = {isa = PBXBuildFile; fileRef = 21F9E6F71D58F27B002D9DF6 /* WorkerDetailCell.swift */; };
		21F9E6FA1D58F2B6002D9DF6 /* TicketBiddingViewController.swift in Sources */ = {isa = PBXBuildFile; fileRef = 21F9E6F91D58F2B6002D9DF6 /* TicketBiddingViewController.swift */; };
		21F9E6FC1D58F2D2002D9DF6 /* Notes.swift in Sources */ = {isa = PBXBuildFile; fileRef = 21F9E6FB1D58F2D2002D9DF6 /* Notes.swift */; };
		21F9E6FE1D58F930002D9DF6 /* WorkerHistoryViewController.swift in Sources */ = {isa = PBXBuildFile; fileRef = 21F9E6FD1D58F930002D9DF6 /* WorkerHistoryViewController.swift */; };
		21F9E7001D58F95D002D9DF6 /* WorkerHistoryCell.swift in Sources */ = {isa = PBXBuildFile; fileRef = 21F9E6FF1D58F95D002D9DF6 /* WorkerHistoryCell.swift */; };
		21F9E7041D5901F3002D9DF6 /* TicketRatingViewController.swift in Sources */ = {isa = PBXBuildFile; fileRef = 21F9E7031D5901F3002D9DF6 /* TicketRatingViewController.swift */; };
		21FAD0651D5EFEFC000ED89F /* NVActivityIndicatorAnimationAudioEqualizer.swift in Sources */ = {isa = PBXBuildFile; fileRef = 21FAD03F1D5EFEFC000ED89F /* NVActivityIndicatorAnimationAudioEqualizer.swift */; };
		21FAD0661D5EFEFC000ED89F /* NVActivityIndicatorAnimationBallBeat.swift in Sources */ = {isa = PBXBuildFile; fileRef = 21FAD0401D5EFEFC000ED89F /* NVActivityIndicatorAnimationBallBeat.swift */; };
		21FAD0671D5EFEFC000ED89F /* NVActivityIndicatorAnimationBallClipRotate.swift in Sources */ = {isa = PBXBuildFile; fileRef = 21FAD0411D5EFEFC000ED89F /* NVActivityIndicatorAnimationBallClipRotate.swift */; };
		21FAD0681D5EFEFC000ED89F /* NVActivityIndicatorAnimationBallClipRotateMultiple.swift in Sources */ = {isa = PBXBuildFile; fileRef = 21FAD0421D5EFEFC000ED89F /* NVActivityIndicatorAnimationBallClipRotateMultiple.swift */; };
		21FAD0691D5EFEFC000ED89F /* NVActivityIndicatorAnimationBallClipRotatePulse.swift in Sources */ = {isa = PBXBuildFile; fileRef = 21FAD0431D5EFEFC000ED89F /* NVActivityIndicatorAnimationBallClipRotatePulse.swift */; };
		21FAD06A1D5EFEFC000ED89F /* NVActivityIndicatorAnimationBallGridBeat.swift in Sources */ = {isa = PBXBuildFile; fileRef = 21FAD0441D5EFEFC000ED89F /* NVActivityIndicatorAnimationBallGridBeat.swift */; };
		21FAD06B1D5EFEFC000ED89F /* NVActivityIndicatorAnimationBallGridPulse.swift in Sources */ = {isa = PBXBuildFile; fileRef = 21FAD0451D5EFEFC000ED89F /* NVActivityIndicatorAnimationBallGridPulse.swift */; };
		21FAD06C1D5EFEFC000ED89F /* NVActivityIndicatorAnimationBallPulse.swift in Sources */ = {isa = PBXBuildFile; fileRef = 21FAD0461D5EFEFC000ED89F /* NVActivityIndicatorAnimationBallPulse.swift */; };
		21FAD06D1D5EFEFC000ED89F /* NVActivityIndicatorAnimationBallPulseRise.swift in Sources */ = {isa = PBXBuildFile; fileRef = 21FAD0471D5EFEFC000ED89F /* NVActivityIndicatorAnimationBallPulseRise.swift */; };
		21FAD06E1D5EFEFC000ED89F /* NVActivityIndicatorAnimationBallPulseSync.swift in Sources */ = {isa = PBXBuildFile; fileRef = 21FAD0481D5EFEFC000ED89F /* NVActivityIndicatorAnimationBallPulseSync.swift */; };
		21FAD06F1D5EFEFC000ED89F /* NVActivityIndicatorAnimationBallRotate.swift in Sources */ = {isa = PBXBuildFile; fileRef = 21FAD0491D5EFEFC000ED89F /* NVActivityIndicatorAnimationBallRotate.swift */; };
		21FAD0701D5EFEFC000ED89F /* NVActivityIndicatorAnimationBallRotateChase.swift in Sources */ = {isa = PBXBuildFile; fileRef = 21FAD04A1D5EFEFC000ED89F /* NVActivityIndicatorAnimationBallRotateChase.swift */; };
		21FAD0711D5EFEFC000ED89F /* NVActivityIndicatorAnimationBallScale.swift in Sources */ = {isa = PBXBuildFile; fileRef = 21FAD04B1D5EFEFC000ED89F /* NVActivityIndicatorAnimationBallScale.swift */; };
		21FAD0721D5EFEFC000ED89F /* NVActivityIndicatorAnimationBallScaleMultiple.swift in Sources */ = {isa = PBXBuildFile; fileRef = 21FAD04C1D5EFEFC000ED89F /* NVActivityIndicatorAnimationBallScaleMultiple.swift */; };
		21FAD0731D5EFEFC000ED89F /* NVActivityIndicatorAnimationBallScaleRipple.swift in Sources */ = {isa = PBXBuildFile; fileRef = 21FAD04D1D5EFEFC000ED89F /* NVActivityIndicatorAnimationBallScaleRipple.swift */; };
		21FAD0741D5EFEFC000ED89F /* NVActivityIndicatorAnimationBallScaleRippleMultiple.swift in Sources */ = {isa = PBXBuildFile; fileRef = 21FAD04E1D5EFEFC000ED89F /* NVActivityIndicatorAnimationBallScaleRippleMultiple.swift */; };
		21FAD0751D5EFEFC000ED89F /* NVActivityIndicatorAnimationBallSpinFadeLoader.swift in Sources */ = {isa = PBXBuildFile; fileRef = 21FAD04F1D5EFEFC000ED89F /* NVActivityIndicatorAnimationBallSpinFadeLoader.swift */; };
		21FAD0761D5EFEFC000ED89F /* NVActivityIndicatorAnimationBallTrianglePath.swift in Sources */ = {isa = PBXBuildFile; fileRef = 21FAD0501D5EFEFC000ED89F /* NVActivityIndicatorAnimationBallTrianglePath.swift */; };
		21FAD0771D5EFEFC000ED89F /* NVActivityIndicatorAnimationBallZigZag.swift in Sources */ = {isa = PBXBuildFile; fileRef = 21FAD0511D5EFEFC000ED89F /* NVActivityIndicatorAnimationBallZigZag.swift */; };
		21FAD0781D5EFEFC000ED89F /* NVActivityIndicatorAnimationBallZigZagDeflect.swift in Sources */ = {isa = PBXBuildFile; fileRef = 21FAD0521D5EFEFC000ED89F /* NVActivityIndicatorAnimationBallZigZagDeflect.swift */; };
		21FAD0791D5EFEFC000ED89F /* NVActivityIndicatorAnimationBlank.swift in Sources */ = {isa = PBXBuildFile; fileRef = 21FAD0531D5EFEFC000ED89F /* NVActivityIndicatorAnimationBlank.swift */; };
		21FAD07A1D5EFEFC000ED89F /* NVActivityIndicatorAnimationCubeTransition.swift in Sources */ = {isa = PBXBuildFile; fileRef = 21FAD0541D5EFEFC000ED89F /* NVActivityIndicatorAnimationCubeTransition.swift */; };
		21FAD07B1D5EFEFC000ED89F /* NVActivityIndicatorAnimationLineScale.swift in Sources */ = {isa = PBXBuildFile; fileRef = 21FAD0551D5EFEFC000ED89F /* NVActivityIndicatorAnimationLineScale.swift */; };
		21FAD07C1D5EFEFC000ED89F /* NVActivityIndicatorAnimationLineScaleParty.swift in Sources */ = {isa = PBXBuildFile; fileRef = 21FAD0561D5EFEFC000ED89F /* NVActivityIndicatorAnimationLineScaleParty.swift */; };
		21FAD07D1D5EFEFC000ED89F /* NVActivityIndicatorAnimationLineScalePulseOut.swift in Sources */ = {isa = PBXBuildFile; fileRef = 21FAD0571D5EFEFC000ED89F /* NVActivityIndicatorAnimationLineScalePulseOut.swift */; };
		21FAD07E1D5EFEFC000ED89F /* NVActivityIndicatorAnimationLineScalePulseOutRapid.swift in Sources */ = {isa = PBXBuildFile; fileRef = 21FAD0581D5EFEFC000ED89F /* NVActivityIndicatorAnimationLineScalePulseOutRapid.swift */; };
		21FAD07F1D5EFEFC000ED89F /* NVActivityIndicatorAnimationLineSpinFadeLoader.swift in Sources */ = {isa = PBXBuildFile; fileRef = 21FAD0591D5EFEFC000ED89F /* NVActivityIndicatorAnimationLineSpinFadeLoader.swift */; };
		21FAD0801D5EFEFC000ED89F /* NVActivityIndicatorAnimationOrbit.swift in Sources */ = {isa = PBXBuildFile; fileRef = 21FAD05A1D5EFEFC000ED89F /* NVActivityIndicatorAnimationOrbit.swift */; };
		21FAD0811D5EFEFC000ED89F /* NVActivityIndicatorAnimationPacman.swift in Sources */ = {isa = PBXBuildFile; fileRef = 21FAD05B1D5EFEFC000ED89F /* NVActivityIndicatorAnimationPacman.swift */; };
		21FAD0821D5EFEFC000ED89F /* NVActivityIndicatorAnimationSemiCircleSpin.swift in Sources */ = {isa = PBXBuildFile; fileRef = 21FAD05C1D5EFEFC000ED89F /* NVActivityIndicatorAnimationSemiCircleSpin.swift */; };
		21FAD0831D5EFEFC000ED89F /* NVActivityIndicatorAnimationSquareSpin.swift in Sources */ = {isa = PBXBuildFile; fileRef = 21FAD05D1D5EFEFC000ED89F /* NVActivityIndicatorAnimationSquareSpin.swift */; };
		21FAD0841D5EFEFC000ED89F /* NVActivityIndicatorAnimationTriangleSkewSpin.swift in Sources */ = {isa = PBXBuildFile; fileRef = 21FAD05E1D5EFEFC000ED89F /* NVActivityIndicatorAnimationTriangleSkewSpin.swift */; };
		21FAD0851D5EFEFC000ED89F /* Info.plist in Resources */ = {isa = PBXBuildFile; fileRef = 21FAD05F1D5EFEFC000ED89F /* Info.plist */; };
		21FAD0861D5EFEFC000ED89F /* NVActivityIndicatorAnimationDelegate.swift in Sources */ = {isa = PBXBuildFile; fileRef = 21FAD0601D5EFEFC000ED89F /* NVActivityIndicatorAnimationDelegate.swift */; };
		21FAD0871D5EFEFC000ED89F /* NVActivityIndicatorShape.swift in Sources */ = {isa = PBXBuildFile; fileRef = 21FAD0611D5EFEFC000ED89F /* NVActivityIndicatorShape.swift */; };
		21FAD0881D5EFEFC000ED89F /* NVActivityIndicatorView.swift in Sources */ = {isa = PBXBuildFile; fileRef = 21FAD0631D5EFEFC000ED89F /* NVActivityIndicatorView.swift */; };
		21FAD0891D5EFEFC000ED89F /* NVActivityIndicatorViewable.swift in Sources */ = {isa = PBXBuildFile; fileRef = 21FAD0641D5EFEFC000ED89F /* NVActivityIndicatorViewable.swift */; };
		21FC6A771D5A5C5700819090 /* T2HGradientView.swift in Sources */ = {isa = PBXBuildFile; fileRef = 21FC6A761D5A5C5700819090 /* T2HGradientView.swift */; };
		21FC6A791D5A65E700819090 /* T2HBouceAnimationController.swift in Sources */ = {isa = PBXBuildFile; fileRef = 21FC6A781D5A65E700819090 /* T2HBouceAnimationController.swift */; };
		21FC6A7B1D5A6EA900819090 /* T2HRotateOutAnimationController.swift in Sources */ = {isa = PBXBuildFile; fileRef = 21FC6A7A1D5A6EA900819090 /* T2HRotateOutAnimationController.swift */; };
		21FD0FA41D6046C4005A7421 /* PinGoClient.swift in Sources */ = {isa = PBXBuildFile; fileRef = 21FD0FA31D6046C4005A7421 /* PinGoClient.swift */; };
		21FEDDD51D526F7A00AF58EF /* UserProfileViewController.swift in Sources */ = {isa = PBXBuildFile; fileRef = 21FEDDD41D526F7A00AF58EF /* UserProfileViewController.swift */; };
		6326151595FD7B29E155F761 /* Pods_PinGo.framework in Frameworks */ = {isa = PBXBuildFile; fileRef = 6816080423E9A75F36CECBB3 /* Pods_PinGo.framework */; };
		B04E73FC1D6968FA00751D4C /* UserAndWorkerProfile.storyboard in Resources */ = {isa = PBXBuildFile; fileRef = B04E73FB1D6968FA00751D4C /* UserAndWorkerProfile.storyboard */; };
		B04E73FE1D6991E800751D4C /* HistoryTicketCell.swift in Sources */ = {isa = PBXBuildFile; fileRef = B04E73FD1D6991E800751D4C /* HistoryTicketCell.swift */; };
		B0861E8D1D66D9C1002B2C7D /* CircleImageView.swift in Sources */ = {isa = PBXBuildFile; fileRef = B0861E8C1D66D9C1002B2C7D /* CircleImageView.swift */; };
		B0B3A89F1D5FAA0C009A177D /* ImageResource.swift in Sources */ = {isa = PBXBuildFile; fileRef = B0B3A89E1D5FAA0C009A177D /* ImageResource.swift */; };
		B0B3A8A21D5FAAC3009A177D /* SocketIOManager.swift in Sources */ = {isa = PBXBuildFile; fileRef = B0B3A8A11D5FAAC3009A177D /* SocketIOManager.swift */; };
		B0B3A8A51D5FACAB009A177D /* Constants.swift in Sources */ = {isa = PBXBuildFile; fileRef = B0B3A8A41D5FACAB009A177D /* Constants.swift */; };
		B0B3A8A71D5FAD26009A177D /* Rating.swift in Sources */ = {isa = PBXBuildFile; fileRef = B0B3A8A61D5FAD26009A177D /* Rating.swift */; };
		B0F0A5F91D683669003C8DAD /* HomeTimeLineWorker.swift in Sources */ = {isa = PBXBuildFile; fileRef = B0F0A5F81D683669003C8DAD /* HomeTimeLineWorker.swift */; };
		B0F0A5FB1D6836C3003C8DAD /* WorkerTicketCell.swift in Sources */ = {isa = PBXBuildFile; fileRef = B0F0A5FA1D6836C3003C8DAD /* WorkerTicketCell.swift */; };
		B0F0A5FD1D683704003C8DAD /* HandleUtil.swift in Sources */ = {isa = PBXBuildFile; fileRef = B0F0A5FC1D683704003C8DAD /* HandleUtil.swift */; };
		B0FC11B11D618CBB00F34FDC /* Worker.storyboard in Resources */ = {isa = PBXBuildFile; fileRef = B0FC11B01D618CBB00F34FDC /* Worker.storyboard */; };
		B0FC11B71D62276400F34FDC /* WorkerProfileController.swift in Sources */ = {isa = PBXBuildFile; fileRef = B0FC11B61D62276400F34FDC /* WorkerProfileController.swift */; };
		E7120D341D61C19100193061 /* MapViewController.swift in Sources */ = {isa = PBXBuildFile; fileRef = E7120D331D61C19100193061 /* MapViewController.swift */; };
		E71389D91D6B0A3300FA84D0 /* FBSDKCoreKit.framework in Frameworks */ = {isa = PBXBuildFile; fileRef = E71389D71D6B0A3300FA84D0 /* FBSDKCoreKit.framework */; };
		E71389DA1D6B0A3400FA84D0 /* FBSDKLoginKit.framework in Frameworks */ = {isa = PBXBuildFile; fileRef = E71389D81D6B0A3300FA84D0 /* FBSDKLoginKit.framework */; };
		E71389DC1D6B0D0F00FA84D0 /* forfacebook.m in Sources */ = {isa = PBXBuildFile; fileRef = E71389DB1D6B0D0F00FA84D0 /* forfacebook.m */; };
		E725C8391D69638D0061A6AB /* WorkerMapViewController.swift in Sources */ = {isa = PBXBuildFile; fileRef = E725C8381D69638D0061A6AB /* WorkerMapViewController.swift */; };
		E725C8411D697F560061A6AB /* MapWorkerStoryboard.storyboard in Resources */ = {isa = PBXBuildFile; fileRef = E725C8401D697F560061A6AB /* MapWorkerStoryboard.storyboard */; };
		E7CB13791D5DC51500BA5AA4 /* EditUserProfile.storyboard in Resources */ = {isa = PBXBuildFile; fileRef = E7CB13781D5DC51500BA5AA4 /* EditUserProfile.storyboard */; };
		E7CB137B1D5DC69700BA5AA4 /* EditUserProfileViewController.swift in Sources */ = {isa = PBXBuildFile; fileRef = E7CB137A1D5DC69700BA5AA4 /* EditUserProfileViewController.swift */; };
		E7CB13811D5DEECD00BA5AA4 /* PaymentCell.swift in Sources */ = {isa = PBXBuildFile; fileRef = E7CB13801D5DEECD00BA5AA4 /* PaymentCell.swift */; };
		E7EBFA041D5C597700C1FEB8 /* LoginStoryboard.storyboard in Resources */ = {isa = PBXBuildFile; fileRef = E7EBFA031D5C597700C1FEB8 /* LoginStoryboard.storyboard */; };
		E7EBFA061D5C6AE900C1FEB8 /* LoginViewController.swift in Sources */ = {isa = PBXBuildFile; fileRef = E7EBFA051D5C6AE900C1FEB8 /* LoginViewController.swift */; };
		E7EBFA081D5C8F8400C1FEB8 /* MapStoryboard.storyboard in Resources */ = {isa = PBXBuildFile; fileRef = E7EBFA071D5C8F8400C1FEB8 /* MapStoryboard.storyboard */; };
		E7EBFA0F1D5CE97200C1FEB8 /* UserProfile.storyboard in Resources */ = {isa = PBXBuildFile; fileRef = E7EBFA0D1D5CE97200C1FEB8 /* UserProfile.storyboard */; };
		E7F6C8C51D6B309500A25E11 /* Bolts.framework in Frameworks */ = {isa = PBXBuildFile; fileRef = E7F6C8C41D6B309500A25E11 /* Bolts.framework */; };
/* End PBXBuildFile section */

/* Begin PBXFileReference section */
		21008E7E1D71A08F008332EC /* DateTimePickerViewController.swift */ = {isa = PBXFileReference; fileEncoding = 4; lastKnownFileType = sourcecode.swift; path = DateTimePickerViewController.swift; sourceTree = "<group>"; };
		21008E821D71C366008332EC /* HelveticaNeueLTStd-Lt.ttf */ = {isa = PBXFileReference; lastKnownFileType = file; path = "HelveticaNeueLTStd-Lt.ttf"; sourceTree = "<group>"; };
		21008E831D71C366008332EC /* HelveticaNeueLTStd-LtEx.ttf */ = {isa = PBXFileReference; lastKnownFileType = file; path = "HelveticaNeueLTStd-LtEx.ttf"; sourceTree = "<group>"; };
		21008E841D71C366008332EC /* Oswald.light.ttf */ = {isa = PBXFileReference; lastKnownFileType = file; path = Oswald.light.ttf; sourceTree = "<group>"; };
		21008E851D71C366008332EC /* Oswald-Regular.ttf */ = {isa = PBXFileReference; lastKnownFileType = file; path = "Oswald-Regular.ttf"; sourceTree = "<group>"; };
		210981241D6D6A8800F6189A /* PhotoSlidePageViewController.swift */ = {isa = PBXFileReference; fileEncoding = 4; lastKnownFileType = sourcecode.swift; path = PhotoSlidePageViewController.swift; sourceTree = "<group>"; };
		210EF8C41D5AEEF800889AAD /* T2HTextViewWithPlaceHolder.swift */ = {isa = PBXFileReference; fileEncoding = 4; lastKnownFileType = sourcecode.swift; path = T2HTextViewWithPlaceHolder.swift; sourceTree = "<group>"; };
		210EF8C61D5B7E3000889AAD /* T2HGradientUIView.swift */ = {isa = PBXFileReference; fileEncoding = 4; lastKnownFileType = sourcecode.swift; path = T2HGradientUIView.swift; sourceTree = "<group>"; };
		2130A1451D510C7300B37C98 /* PinGo-Bridging-Header.h */ = {isa = PBXFileReference; lastKnownFileType = sourcecode.c.h; path = "PinGo-Bridging-Header.h"; sourceTree = "<group>"; };
		2130A14D1D51191C00B37C98 /* HomeTimelineViewController.swift */ = {isa = PBXFileReference; fileEncoding = 4; lastKnownFileType = sourcecode.swift; path = HomeTimelineViewController.swift; sourceTree = "<group>"; };
		213D284A1D64D941009A06D8 /* NothingFoundCell.xib */ = {isa = PBXFileReference; fileEncoding = 4; lastKnownFileType = file.xib; path = NothingFoundCell.xib; sourceTree = "<group>"; };
		21434C321D559EAD00B31122 /* BaseViewController.swift */ = {isa = PBXFileReference; fileEncoding = 4; lastKnownFileType = sourcecode.swift; path = BaseViewController.swift; sourceTree = "<group>"; };
		21434C361D55AA5F00B31122 /* RequestStatusCell.swift */ = {isa = PBXFileReference; fileEncoding = 4; lastKnownFileType = sourcecode.swift; path = RequestStatusCell.swift; sourceTree = "<group>"; };
		21434C381D55AB1B00B31122 /* AppUltility.swift */ = {isa = PBXFileReference; fileEncoding = 4; lastKnownFileType = sourcecode.swift; path = AppUltility.swift; sourceTree = "<group>"; };
		21434C3A1D55AB9C00B31122 /* UserProfile.swift */ = {isa = PBXFileReference; fileEncoding = 4; lastKnownFileType = sourcecode.swift; path = UserProfile.swift; sourceTree = "<group>"; };
		21434C3D1D55AC4700B31122 /* Location.swift */ = {isa = PBXFileReference; fileEncoding = 4; lastKnownFileType = sourcecode.swift; path = Location.swift; sourceTree = "<group>"; };
		21434C3F1D55ACAC00B31122 /* User.swift */ = {isa = PBXFileReference; fileEncoding = 4; lastKnownFileType = sourcecode.swift; path = User.swift; sourceTree = "<group>"; };
		21434C411D55ACE300B31122 /* Worker.swift */ = {isa = PBXFileReference; fileEncoding = 4; lastKnownFileType = sourcecode.swift; path = Worker.swift; sourceTree = "<group>"; };
		21434C431D55AEE600B31122 /* Ticket.swift */ = {isa = PBXFileReference; fileEncoding = 4; lastKnownFileType = sourcecode.swift; path = Ticket.swift; sourceTree = "<group>"; };
		21434C451D55AF2F00B31122 /* TicketCategory.swift */ = {isa = PBXFileReference; fileEncoding = 4; lastKnownFileType = sourcecode.swift; path = TicketCategory.swift; sourceTree = "<group>"; };
		219D49DB1D50B62E006B5ADE /* PinGo.app */ = {isa = PBXFileReference; explicitFileType = wrapper.application; includeInIndex = 0; path = PinGo.app; sourceTree = BUILT_PRODUCTS_DIR; };
		219D49DE1D50B62E006B5ADE /* AppDelegate.swift */ = {isa = PBXFileReference; lastKnownFileType = sourcecode.swift; path = AppDelegate.swift; sourceTree = "<group>"; };
		219D49E31D50B62E006B5ADE /* Base */ = {isa = PBXFileReference; lastKnownFileType = file.storyboard; name = Base; path = Base.lproj/Main.storyboard; sourceTree = "<group>"; };
		219D49E51D50B62E006B5ADE /* Assets.xcassets */ = {isa = PBXFileReference; lastKnownFileType = folder.assetcatalog; path = Assets.xcassets; sourceTree = "<group>"; };
		219D49E81D50B62E006B5ADE /* Base */ = {isa = PBXFileReference; lastKnownFileType = file.storyboard; name = Base; path = Base.lproj/LaunchScreen.storyboard; sourceTree = "<group>"; };
		219D49EA1D50B62E006B5ADE /* Info.plist */ = {isa = PBXFileReference; lastKnownFileType = text.plist.xml; path = Info.plist; sourceTree = "<group>"; };
		21A3018C1D73052B0073459E /* AddTicketDetailViewController.swift */ = {isa = PBXFileReference; fileEncoding = 4; lastKnownFileType = sourcecode.swift; path = AddTicketDetailViewController.swift; sourceTree = "<group>"; };
		21A6F97F1D69792800AA2EBF /* SetPricePopUpViewController.swift */ = {isa = PBXFileReference; fileEncoding = 4; lastKnownFileType = sourcecode.swift; path = SetPricePopUpViewController.swift; sourceTree = "<group>"; };
		21A6F9811D69971900AA2EBF /* TicketPhotoViewController.swift */ = {isa = PBXFileReference; fileEncoding = 4; lastKnownFileType = sourcecode.swift; path = TicketPhotoViewController.swift; sourceTree = "<group>"; };
		21A6F9831D699EFC00AA2EBF /* TicketDetailViewController.swift */ = {isa = PBXFileReference; fileEncoding = 4; lastKnownFileType = sourcecode.swift; path = TicketDetailViewController.swift; sourceTree = "<group>"; };
		21A6F9851D69A78400AA2EBF /* TicketImageCell.swift */ = {isa = PBXFileReference; fileEncoding = 4; lastKnownFileType = sourcecode.swift; path = TicketImageCell.swift; sourceTree = "<group>"; };
		21B3A1021D561CC700C1CE9E /* AppThemes.swift */ = {isa = PBXFileReference; fileEncoding = 4; lastKnownFileType = sourcecode.swift; path = AppThemes.swift; sourceTree = "<group>"; };
		21B3A1041D562C3800C1CE9E /* CreateTicketViewController.swift */ = {isa = PBXFileReference; fileEncoding = 4; lastKnownFileType = sourcecode.swift; path = CreateTicketViewController.swift; sourceTree = "<group>"; };
		21B3A1061D56379C00C1CE9E /* CategoryCell.swift */ = {isa = PBXFileReference; fileEncoding = 4; lastKnownFileType = sourcecode.swift; path = CategoryCell.swift; sourceTree = "<group>"; };
		21B3A1081D56DC2D00C1CE9E /* SkyFloatingLabelTextField.swift */ = {isa = PBXFileReference; fileEncoding = 4; lastKnownFileType = sourcecode.swift; path = SkyFloatingLabelTextField.swift; sourceTree = "<group>"; };
		21B3A10A1D56DF1700C1CE9E /* UITextField+fixCaretPosition.swift */ = {isa = PBXFileReference; fileEncoding = 4; lastKnownFileType = sourcecode.swift; path = "UITextField+fixCaretPosition.swift"; sourceTree = "<group>"; };
		21F8FE561D5A0E8600DD150D /* DimmingPresentationController.swift */ = {isa = PBXFileReference; fileEncoding = 4; lastKnownFileType = sourcecode.swift; path = DimmingPresentationController.swift; sourceTree = "<group>"; };
		21F9E6F71D58F27B002D9DF6 /* WorkerDetailCell.swift */ = {isa = PBXFileReference; fileEncoding = 4; lastKnownFileType = sourcecode.swift; path = WorkerDetailCell.swift; sourceTree = "<group>"; };
		21F9E6F91D58F2B6002D9DF6 /* TicketBiddingViewController.swift */ = {isa = PBXFileReference; fileEncoding = 4; lastKnownFileType = sourcecode.swift; path = TicketBiddingViewController.swift; sourceTree = "<group>"; };
		21F9E6FB1D58F2D2002D9DF6 /* Notes.swift */ = {isa = PBXFileReference; fileEncoding = 4; lastKnownFileType = sourcecode.swift; path = Notes.swift; sourceTree = "<group>"; };
		21F9E6FD1D58F930002D9DF6 /* WorkerHistoryViewController.swift */ = {isa = PBXFileReference; fileEncoding = 4; lastKnownFileType = sourcecode.swift; path = WorkerHistoryViewController.swift; sourceTree = "<group>"; };
		21F9E6FF1D58F95D002D9DF6 /* WorkerHistoryCell.swift */ = {isa = PBXFileReference; fileEncoding = 4; lastKnownFileType = sourcecode.swift; path = WorkerHistoryCell.swift; sourceTree = "<group>"; };
		21F9E7031D5901F3002D9DF6 /* TicketRatingViewController.swift */ = {isa = PBXFileReference; fileEncoding = 4; lastKnownFileType = sourcecode.swift; path = TicketRatingViewController.swift; sourceTree = "<group>"; };
		21FAD03F1D5EFEFC000ED89F /* NVActivityIndicatorAnimationAudioEqualizer.swift */ = {isa = PBXFileReference; fileEncoding = 4; lastKnownFileType = sourcecode.swift; path = NVActivityIndicatorAnimationAudioEqualizer.swift; sourceTree = "<group>"; };
		21FAD0401D5EFEFC000ED89F /* NVActivityIndicatorAnimationBallBeat.swift */ = {isa = PBXFileReference; fileEncoding = 4; lastKnownFileType = sourcecode.swift; path = NVActivityIndicatorAnimationBallBeat.swift; sourceTree = "<group>"; };
		21FAD0411D5EFEFC000ED89F /* NVActivityIndicatorAnimationBallClipRotate.swift */ = {isa = PBXFileReference; fileEncoding = 4; lastKnownFileType = sourcecode.swift; path = NVActivityIndicatorAnimationBallClipRotate.swift; sourceTree = "<group>"; };
		21FAD0421D5EFEFC000ED89F /* NVActivityIndicatorAnimationBallClipRotateMultiple.swift */ = {isa = PBXFileReference; fileEncoding = 4; lastKnownFileType = sourcecode.swift; path = NVActivityIndicatorAnimationBallClipRotateMultiple.swift; sourceTree = "<group>"; };
		21FAD0431D5EFEFC000ED89F /* NVActivityIndicatorAnimationBallClipRotatePulse.swift */ = {isa = PBXFileReference; fileEncoding = 4; lastKnownFileType = sourcecode.swift; path = NVActivityIndicatorAnimationBallClipRotatePulse.swift; sourceTree = "<group>"; };
		21FAD0441D5EFEFC000ED89F /* NVActivityIndicatorAnimationBallGridBeat.swift */ = {isa = PBXFileReference; fileEncoding = 4; lastKnownFileType = sourcecode.swift; path = NVActivityIndicatorAnimationBallGridBeat.swift; sourceTree = "<group>"; };
		21FAD0451D5EFEFC000ED89F /* NVActivityIndicatorAnimationBallGridPulse.swift */ = {isa = PBXFileReference; fileEncoding = 4; lastKnownFileType = sourcecode.swift; path = NVActivityIndicatorAnimationBallGridPulse.swift; sourceTree = "<group>"; };
		21FAD0461D5EFEFC000ED89F /* NVActivityIndicatorAnimationBallPulse.swift */ = {isa = PBXFileReference; fileEncoding = 4; lastKnownFileType = sourcecode.swift; path = NVActivityIndicatorAnimationBallPulse.swift; sourceTree = "<group>"; };
		21FAD0471D5EFEFC000ED89F /* NVActivityIndicatorAnimationBallPulseRise.swift */ = {isa = PBXFileReference; fileEncoding = 4; lastKnownFileType = sourcecode.swift; path = NVActivityIndicatorAnimationBallPulseRise.swift; sourceTree = "<group>"; };
		21FAD0481D5EFEFC000ED89F /* NVActivityIndicatorAnimationBallPulseSync.swift */ = {isa = PBXFileReference; fileEncoding = 4; lastKnownFileType = sourcecode.swift; path = NVActivityIndicatorAnimationBallPulseSync.swift; sourceTree = "<group>"; };
		21FAD0491D5EFEFC000ED89F /* NVActivityIndicatorAnimationBallRotate.swift */ = {isa = PBXFileReference; fileEncoding = 4; lastKnownFileType = sourcecode.swift; path = NVActivityIndicatorAnimationBallRotate.swift; sourceTree = "<group>"; };
		21FAD04A1D5EFEFC000ED89F /* NVActivityIndicatorAnimationBallRotateChase.swift */ = {isa = PBXFileReference; fileEncoding = 4; lastKnownFileType = sourcecode.swift; path = NVActivityIndicatorAnimationBallRotateChase.swift; sourceTree = "<group>"; };
		21FAD04B1D5EFEFC000ED89F /* NVActivityIndicatorAnimationBallScale.swift */ = {isa = PBXFileReference; fileEncoding = 4; lastKnownFileType = sourcecode.swift; path = NVActivityIndicatorAnimationBallScale.swift; sourceTree = "<group>"; };
		21FAD04C1D5EFEFC000ED89F /* NVActivityIndicatorAnimationBallScaleMultiple.swift */ = {isa = PBXFileReference; fileEncoding = 4; lastKnownFileType = sourcecode.swift; path = NVActivityIndicatorAnimationBallScaleMultiple.swift; sourceTree = "<group>"; };
		21FAD04D1D5EFEFC000ED89F /* NVActivityIndicatorAnimationBallScaleRipple.swift */ = {isa = PBXFileReference; fileEncoding = 4; lastKnownFileType = sourcecode.swift; path = NVActivityIndicatorAnimationBallScaleRipple.swift; sourceTree = "<group>"; };
		21FAD04E1D5EFEFC000ED89F /* NVActivityIndicatorAnimationBallScaleRippleMultiple.swift */ = {isa = PBXFileReference; fileEncoding = 4; lastKnownFileType = sourcecode.swift; path = NVActivityIndicatorAnimationBallScaleRippleMultiple.swift; sourceTree = "<group>"; };
		21FAD04F1D5EFEFC000ED89F /* NVActivityIndicatorAnimationBallSpinFadeLoader.swift */ = {isa = PBXFileReference; fileEncoding = 4; lastKnownFileType = sourcecode.swift; path = NVActivityIndicatorAnimationBallSpinFadeLoader.swift; sourceTree = "<group>"; };
		21FAD0501D5EFEFC000ED89F /* NVActivityIndicatorAnimationBallTrianglePath.swift */ = {isa = PBXFileReference; fileEncoding = 4; lastKnownFileType = sourcecode.swift; path = NVActivityIndicatorAnimationBallTrianglePath.swift; sourceTree = "<group>"; };
		21FAD0511D5EFEFC000ED89F /* NVActivityIndicatorAnimationBallZigZag.swift */ = {isa = PBXFileReference; fileEncoding = 4; lastKnownFileType = sourcecode.swift; path = NVActivityIndicatorAnimationBallZigZag.swift; sourceTree = "<group>"; };
		21FAD0521D5EFEFC000ED89F /* NVActivityIndicatorAnimationBallZigZagDeflect.swift */ = {isa = PBXFileReference; fileEncoding = 4; lastKnownFileType = sourcecode.swift; path = NVActivityIndicatorAnimationBallZigZagDeflect.swift; sourceTree = "<group>"; };
		21FAD0531D5EFEFC000ED89F /* NVActivityIndicatorAnimationBlank.swift */ = {isa = PBXFileReference; fileEncoding = 4; lastKnownFileType = sourcecode.swift; path = NVActivityIndicatorAnimationBlank.swift; sourceTree = "<group>"; };
		21FAD0541D5EFEFC000ED89F /* NVActivityIndicatorAnimationCubeTransition.swift */ = {isa = PBXFileReference; fileEncoding = 4; lastKnownFileType = sourcecode.swift; path = NVActivityIndicatorAnimationCubeTransition.swift; sourceTree = "<group>"; };
		21FAD0551D5EFEFC000ED89F /* NVActivityIndicatorAnimationLineScale.swift */ = {isa = PBXFileReference; fileEncoding = 4; lastKnownFileType = sourcecode.swift; path = NVActivityIndicatorAnimationLineScale.swift; sourceTree = "<group>"; };
		21FAD0561D5EFEFC000ED89F /* NVActivityIndicatorAnimationLineScaleParty.swift */ = {isa = PBXFileReference; fileEncoding = 4; lastKnownFileType = sourcecode.swift; path = NVActivityIndicatorAnimationLineScaleParty.swift; sourceTree = "<group>"; };
		21FAD0571D5EFEFC000ED89F /* NVActivityIndicatorAnimationLineScalePulseOut.swift */ = {isa = PBXFileReference; fileEncoding = 4; lastKnownFileType = sourcecode.swift; path = NVActivityIndicatorAnimationLineScalePulseOut.swift; sourceTree = "<group>"; };
		21FAD0581D5EFEFC000ED89F /* NVActivityIndicatorAnimationLineScalePulseOutRapid.swift */ = {isa = PBXFileReference; fileEncoding = 4; lastKnownFileType = sourcecode.swift; path = NVActivityIndicatorAnimationLineScalePulseOutRapid.swift; sourceTree = "<group>"; };
		21FAD0591D5EFEFC000ED89F /* NVActivityIndicatorAnimationLineSpinFadeLoader.swift */ = {isa = PBXFileReference; fileEncoding = 4; lastKnownFileType = sourcecode.swift; path = NVActivityIndicatorAnimationLineSpinFadeLoader.swift; sourceTree = "<group>"; };
		21FAD05A1D5EFEFC000ED89F /* NVActivityIndicatorAnimationOrbit.swift */ = {isa = PBXFileReference; fileEncoding = 4; lastKnownFileType = sourcecode.swift; path = NVActivityIndicatorAnimationOrbit.swift; sourceTree = "<group>"; };
		21FAD05B1D5EFEFC000ED89F /* NVActivityIndicatorAnimationPacman.swift */ = {isa = PBXFileReference; fileEncoding = 4; lastKnownFileType = sourcecode.swift; path = NVActivityIndicatorAnimationPacman.swift; sourceTree = "<group>"; };
		21FAD05C1D5EFEFC000ED89F /* NVActivityIndicatorAnimationSemiCircleSpin.swift */ = {isa = PBXFileReference; fileEncoding = 4; lastKnownFileType = sourcecode.swift; path = NVActivityIndicatorAnimationSemiCircleSpin.swift; sourceTree = "<group>"; };
		21FAD05D1D5EFEFC000ED89F /* NVActivityIndicatorAnimationSquareSpin.swift */ = {isa = PBXFileReference; fileEncoding = 4; lastKnownFileType = sourcecode.swift; path = NVActivityIndicatorAnimationSquareSpin.swift; sourceTree = "<group>"; };
		21FAD05E1D5EFEFC000ED89F /* NVActivityIndicatorAnimationTriangleSkewSpin.swift */ = {isa = PBXFileReference; fileEncoding = 4; lastKnownFileType = sourcecode.swift; path = NVActivityIndicatorAnimationTriangleSkewSpin.swift; sourceTree = "<group>"; };
		21FAD05F1D5EFEFC000ED89F /* Info.plist */ = {isa = PBXFileReference; fileEncoding = 4; lastKnownFileType = text.plist.xml; path = Info.plist; sourceTree = "<group>"; };
		21FAD0601D5EFEFC000ED89F /* NVActivityIndicatorAnimationDelegate.swift */ = {isa = PBXFileReference; fileEncoding = 4; lastKnownFileType = sourcecode.swift; path = NVActivityIndicatorAnimationDelegate.swift; sourceTree = "<group>"; };
		21FAD0611D5EFEFC000ED89F /* NVActivityIndicatorShape.swift */ = {isa = PBXFileReference; fileEncoding = 4; lastKnownFileType = sourcecode.swift; path = NVActivityIndicatorShape.swift; sourceTree = "<group>"; };
		21FAD0621D5EFEFC000ED89F /* NVActivityIndicatorView.h */ = {isa = PBXFileReference; fileEncoding = 4; lastKnownFileType = sourcecode.c.h; path = NVActivityIndicatorView.h; sourceTree = "<group>"; };
		21FAD0631D5EFEFC000ED89F /* NVActivityIndicatorView.swift */ = {isa = PBXFileReference; fileEncoding = 4; lastKnownFileType = sourcecode.swift; path = NVActivityIndicatorView.swift; sourceTree = "<group>"; };
		21FAD0641D5EFEFC000ED89F /* NVActivityIndicatorViewable.swift */ = {isa = PBXFileReference; fileEncoding = 4; lastKnownFileType = sourcecode.swift; path = NVActivityIndicatorViewable.swift; sourceTree = "<group>"; };
		21FC6A761D5A5C5700819090 /* T2HGradientView.swift */ = {isa = PBXFileReference; fileEncoding = 4; lastKnownFileType = sourcecode.swift; path = T2HGradientView.swift; sourceTree = "<group>"; };
		21FC6A781D5A65E700819090 /* T2HBouceAnimationController.swift */ = {isa = PBXFileReference; fileEncoding = 4; lastKnownFileType = sourcecode.swift; path = T2HBouceAnimationController.swift; sourceTree = "<group>"; };
		21FC6A7A1D5A6EA900819090 /* T2HRotateOutAnimationController.swift */ = {isa = PBXFileReference; fileEncoding = 4; lastKnownFileType = sourcecode.swift; path = T2HRotateOutAnimationController.swift; sourceTree = "<group>"; };
		21FD0FA31D6046C4005A7421 /* PinGoClient.swift */ = {isa = PBXFileReference; fileEncoding = 4; lastKnownFileType = sourcecode.swift; path = PinGoClient.swift; sourceTree = "<group>"; };
		21FEDDD41D526F7A00AF58EF /* UserProfileViewController.swift */ = {isa = PBXFileReference; fileEncoding = 4; lastKnownFileType = sourcecode.swift; path = UserProfileViewController.swift; sourceTree = "<group>"; };
		46B67295BCB5B178E35CE385 /* Pods-PinGo.release.xcconfig */ = {isa = PBXFileReference; includeInIndex = 1; lastKnownFileType = text.xcconfig; name = "Pods-PinGo.release.xcconfig"; path = "Pods/Target Support Files/Pods-PinGo/Pods-PinGo.release.xcconfig"; sourceTree = "<group>"; };
		6816080423E9A75F36CECBB3 /* Pods_PinGo.framework */ = {isa = PBXFileReference; explicitFileType = wrapper.framework; includeInIndex = 0; path = Pods_PinGo.framework; sourceTree = BUILT_PRODUCTS_DIR; };
		B04E73FB1D6968FA00751D4C /* UserAndWorkerProfile.storyboard */ = {isa = PBXFileReference; fileEncoding = 4; lastKnownFileType = file.storyboard; path = UserAndWorkerProfile.storyboard; sourceTree = "<group>"; };
		B04E73FD1D6991E800751D4C /* HistoryTicketCell.swift */ = {isa = PBXFileReference; fileEncoding = 4; lastKnownFileType = sourcecode.swift; path = HistoryTicketCell.swift; sourceTree = "<group>"; };
		B0861E8C1D66D9C1002B2C7D /* CircleImageView.swift */ = {isa = PBXFileReference; fileEncoding = 4; lastKnownFileType = sourcecode.swift; path = CircleImageView.swift; sourceTree = "<group>"; };
		B0B3A89E1D5FAA0C009A177D /* ImageResource.swift */ = {isa = PBXFileReference; fileEncoding = 4; lastKnownFileType = sourcecode.swift; path = ImageResource.swift; sourceTree = "<group>"; };
		B0B3A8A11D5FAAC3009A177D /* SocketIOManager.swift */ = {isa = PBXFileReference; fileEncoding = 4; lastKnownFileType = sourcecode.swift; path = SocketIOManager.swift; sourceTree = "<group>"; };
		B0B3A8A41D5FACAB009A177D /* Constants.swift */ = {isa = PBXFileReference; fileEncoding = 4; lastKnownFileType = sourcecode.swift; path = Constants.swift; sourceTree = "<group>"; };
		B0B3A8A61D5FAD26009A177D /* Rating.swift */ = {isa = PBXFileReference; fileEncoding = 4; lastKnownFileType = sourcecode.swift; path = Rating.swift; sourceTree = "<group>"; };
		B0F0A5F81D683669003C8DAD /* HomeTimeLineWorker.swift */ = {isa = PBXFileReference; fileEncoding = 4; lastKnownFileType = sourcecode.swift; path = HomeTimeLineWorker.swift; sourceTree = "<group>"; };
		B0F0A5FA1D6836C3003C8DAD /* WorkerTicketCell.swift */ = {isa = PBXFileReference; fileEncoding = 4; lastKnownFileType = sourcecode.swift; path = WorkerTicketCell.swift; sourceTree = "<group>"; };
		B0F0A5FC1D683704003C8DAD /* HandleUtil.swift */ = {isa = PBXFileReference; fileEncoding = 4; lastKnownFileType = sourcecode.swift; path = HandleUtil.swift; sourceTree = "<group>"; };
		B0FC11B01D618CBB00F34FDC /* Worker.storyboard */ = {isa = PBXFileReference; fileEncoding = 4; lastKnownFileType = file.storyboard; name = Worker.storyboard; path = ../Worker.storyboard; sourceTree = "<group>"; };
		B0FC11B61D62276400F34FDC /* WorkerProfileController.swift */ = {isa = PBXFileReference; fileEncoding = 4; lastKnownFileType = sourcecode.swift; path = WorkerProfileController.swift; sourceTree = "<group>"; };
		E7120D331D61C19100193061 /* MapViewController.swift */ = {isa = PBXFileReference; fileEncoding = 4; lastKnownFileType = sourcecode.swift; path = MapViewController.swift; sourceTree = "<group>"; };
		E71389D71D6B0A3300FA84D0 /* FBSDKCoreKit.framework */ = {isa = PBXFileReference; lastKnownFileType = wrapper.framework; path = FBSDKCoreKit.framework; sourceTree = "<group>"; };
		E71389D81D6B0A3300FA84D0 /* FBSDKLoginKit.framework */ = {isa = PBXFileReference; lastKnownFileType = wrapper.framework; path = FBSDKLoginKit.framework; sourceTree = "<group>"; };
		E71389DB1D6B0D0F00FA84D0 /* forfacebook.m */ = {isa = PBXFileReference; fileEncoding = 4; lastKnownFileType = sourcecode.c.objc; path = forfacebook.m; sourceTree = "<group>"; };
		E725C8381D69638D0061A6AB /* WorkerMapViewController.swift */ = {isa = PBXFileReference; fileEncoding = 4; lastKnownFileType = sourcecode.swift; path = WorkerMapViewController.swift; sourceTree = "<group>"; };
		E725C8401D697F560061A6AB /* MapWorkerStoryboard.storyboard */ = {isa = PBXFileReference; fileEncoding = 4; lastKnownFileType = file.storyboard; path = MapWorkerStoryboard.storyboard; sourceTree = "<group>"; };
		E7CB13781D5DC51500BA5AA4 /* EditUserProfile.storyboard */ = {isa = PBXFileReference; fileEncoding = 4; lastKnownFileType = file.storyboard; path = EditUserProfile.storyboard; sourceTree = "<group>"; };
		E7CB137A1D5DC69700BA5AA4 /* EditUserProfileViewController.swift */ = {isa = PBXFileReference; fileEncoding = 4; lastKnownFileType = sourcecode.swift; path = EditUserProfileViewController.swift; sourceTree = "<group>"; };
		E7CB13801D5DEECD00BA5AA4 /* PaymentCell.swift */ = {isa = PBXFileReference; fileEncoding = 4; lastKnownFileType = sourcecode.swift; path = PaymentCell.swift; sourceTree = "<group>"; };
		E7EBFA031D5C597700C1FEB8 /* LoginStoryboard.storyboard */ = {isa = PBXFileReference; fileEncoding = 4; lastKnownFileType = file.storyboard; path = LoginStoryboard.storyboard; sourceTree = "<group>"; };
		E7EBFA051D5C6AE900C1FEB8 /* LoginViewController.swift */ = {isa = PBXFileReference; fileEncoding = 4; lastKnownFileType = sourcecode.swift; path = LoginViewController.swift; sourceTree = "<group>"; };
		E7EBFA071D5C8F8400C1FEB8 /* MapStoryboard.storyboard */ = {isa = PBXFileReference; fileEncoding = 4; lastKnownFileType = file.storyboard; path = MapStoryboard.storyboard; sourceTree = "<group>"; };
		E7EBFA0E1D5CE97200C1FEB8 /* Base */ = {isa = PBXFileReference; lastKnownFileType = file.storyboard; name = Base; path = Base.lproj/UserProfile.storyboard; sourceTree = "<group>"; };
		E7F6C8C41D6B309500A25E11 /* Bolts.framework */ = {isa = PBXFileReference; lastKnownFileType = wrapper.framework; name = Bolts.framework; path = "../../Downloads/FacebookSDKs-iOS-4.14.0 2/Bolts.framework"; sourceTree = "<group>"; };
		ED68344C6C8996F6D0AE5D86 /* Pods-PinGo.debug.xcconfig */ = {isa = PBXFileReference; includeInIndex = 1; lastKnownFileType = text.xcconfig; name = "Pods-PinGo.debug.xcconfig"; path = "Pods/Target Support Files/Pods-PinGo/Pods-PinGo.debug.xcconfig"; sourceTree = "<group>"; };
/* End PBXFileReference section */

/* Begin PBXFrameworksBuildPhase section */
		219D49D81D50B62E006B5ADE /* Frameworks */ = {
			isa = PBXFrameworksBuildPhase;
			buildActionMask = 2147483647;
			files = (
				E7F6C8C51D6B309500A25E11 /* Bolts.framework in Frameworks */,
				6326151595FD7B29E155F761 /* Pods_PinGo.framework in Frameworks */,
				E71389D91D6B0A3300FA84D0 /* FBSDKCoreKit.framework in Frameworks */,
				E71389DA1D6B0A3400FA84D0 /* FBSDKLoginKit.framework in Frameworks */,
			);
			runOnlyForDeploymentPostprocessing = 0;
		};
/* End PBXFrameworksBuildPhase section */

/* Begin PBXGroup section */
		13C4AFBCD804607FF7D2A427 /* Pods */ = {
			isa = PBXGroup;
			children = (
				ED68344C6C8996F6D0AE5D86 /* Pods-PinGo.debug.xcconfig */,
				46B67295BCB5B178E35CE385 /* Pods-PinGo.release.xcconfig */,
			);
			name = Pods;
			sourceTree = "<group>";
		};
		21008E801D71C321008332EC /* Resources */ = {
			isa = PBXGroup;
			children = (
				21008E811D71C32A008332EC /* Fonts */,
			);
			name = Resources;
			sourceTree = "<group>";
		};
		21008E811D71C32A008332EC /* Fonts */ = {
			isa = PBXGroup;
			children = (
				21008E821D71C366008332EC /* HelveticaNeueLTStd-Lt.ttf */,
				21008E831D71C366008332EC /* HelveticaNeueLTStd-LtEx.ttf */,
				21008E841D71C366008332EC /* Oswald.light.ttf */,
				21008E851D71C366008332EC /* Oswald-Regular.ttf */,
			);
			name = Fonts;
			sourceTree = "<group>";
		};
		21250A751D648E62009C9A78 /* SkyFloatingLabelTextField */ = {
			isa = PBXGroup;
			children = (
				21B3A1081D56DC2D00C1CE9E /* SkyFloatingLabelTextField.swift */,
				21B3A10A1D56DF1700C1CE9E /* UITextField+fixCaretPosition.swift */,
			);
			name = SkyFloatingLabelTextField;
			sourceTree = "<group>";
		};
		21434C311D559E4C00B31122 /* ViewControllers */ = {
			isa = PBXGroup;
			children = (
				B0F0A5F81D683669003C8DAD /* HomeTimeLineWorker.swift */,
				2130A14D1D51191C00B37C98 /* HomeTimelineViewController.swift */,
				21FEDDD41D526F7A00AF58EF /* UserProfileViewController.swift */,
				21434C321D559EAD00B31122 /* BaseViewController.swift */,
				21B3A1041D562C3800C1CE9E /* CreateTicketViewController.swift */,
				21F9E6F91D58F2B6002D9DF6 /* TicketBiddingViewController.swift */,
				21F9E6FD1D58F930002D9DF6 /* WorkerHistoryViewController.swift */,
				21F9E7031D5901F3002D9DF6 /* TicketRatingViewController.swift */,
				E7EBFA051D5C6AE900C1FEB8 /* LoginViewController.swift */,
				E7CB137A1D5DC69700BA5AA4 /* EditUserProfileViewController.swift */,
				E7120D331D61C19100193061 /* MapViewController.swift */,
				B0FC11B61D62276400F34FDC /* WorkerProfileController.swift */,
				21A6F97F1D69792800AA2EBF /* SetPricePopUpViewController.swift */,
				E725C8381D69638D0061A6AB /* WorkerMapViewController.swift */,
				21A6F9811D69971900AA2EBF /* TicketPhotoViewController.swift */,
				21A6F9831D699EFC00AA2EBF /* TicketDetailViewController.swift */,
				210981241D6D6A8800F6189A /* PhotoSlidePageViewController.swift */,
				21008E7E1D71A08F008332EC /* DateTimePickerViewController.swift */,
				21A3018C1D73052B0073459E /* AddTicketDetailViewController.swift */,
			);
			name = ViewControllers;
			sourceTree = "<group>";
		};
		21434C341D55AA2800B31122 /* Views */ = {
			isa = PBXGroup;
			children = (
				B0F0A5FA1D6836C3003C8DAD /* WorkerTicketCell.swift */,
				21434C361D55AA5F00B31122 /* RequestStatusCell.swift */,
				21B3A1061D56379C00C1CE9E /* CategoryCell.swift */,
				21F9E6F71D58F27B002D9DF6 /* WorkerDetailCell.swift */,
				21F9E6FF1D58F95D002D9DF6 /* WorkerHistoryCell.swift */,
				E7CB13801D5DEECD00BA5AA4 /* PaymentCell.swift */,
				21A6F9851D69A78400AA2EBF /* TicketImageCell.swift */,
				B04E73FD1D6991E800751D4C /* HistoryTicketCell.swift */,
			);
			name = Views;
			sourceTree = "<group>";
		};
		21434C351D55AA3400B31122 /* Models */ = {
			isa = PBXGroup;
			children = (
				21434C3F1D55ACAC00B31122 /* User.swift */,
				21434C411D55ACE300B31122 /* Worker.swift */,
				21434C3A1D55AB9C00B31122 /* UserProfile.swift */,
				21434C3D1D55AC4700B31122 /* Location.swift */,
				21434C431D55AEE600B31122 /* Ticket.swift */,
				21434C451D55AF2F00B31122 /* TicketCategory.swift */,
				B0B3A89E1D5FAA0C009A177D /* ImageResource.swift */,
				B0B3A8A61D5FAD26009A177D /* Rating.swift */,
			);
			name = Models;
			sourceTree = "<group>";
		};
		219D49D21D50B62D006B5ADE = {
			isa = PBXGroup;
			children = (
				B0861E8B1D66D907002B2C7D /* CustomViews */,
				219D49DD1D50B62E006B5ADE /* PinGo */,
				219D49DC1D50B62E006B5ADE /* Products */,
				13C4AFBCD804607FF7D2A427 /* Pods */,
				D07DBF9DE7222C3D2DDBE867 /* Frameworks */,
			);
			sourceTree = "<group>";
		};
		219D49DC1D50B62E006B5ADE /* Products */ = {
			isa = PBXGroup;
			children = (
				219D49DB1D50B62E006B5ADE /* PinGo.app */,
			);
			name = Products;
			sourceTree = "<group>";
		};
		219D49DD1D50B62E006B5ADE /* PinGo */ = {
			isa = PBXGroup;
			children = (
				21008E801D71C321008332EC /* Resources */,
				21FD0FA21D604695005A7421 /* API */,
				B0B3A8A31D5FAC8E009A177D /* Utils */,
				B0B3A8A01D5FAA9F009A177D /* SocketIOManager */,
				21FC6A751D5A3CD800819090 /* Helpers */,
				21434C351D55AA3400B31122 /* Models */,
				21434C341D55AA2800B31122 /* Views */,
				21434C311D559E4C00B31122 /* ViewControllers */,
				219D49DE1D50B62E006B5ADE /* AppDelegate.swift */,
				B0FC11B01D618CBB00F34FDC /* Worker.storyboard */,
				E725C8401D697F560061A6AB /* MapWorkerStoryboard.storyboard */,
				B04E73FB1D6968FA00751D4C /* UserAndWorkerProfile.storyboard */,
				219D49E21D50B62E006B5ADE /* Main.storyboard */,
				E7EBFA031D5C597700C1FEB8 /* LoginStoryboard.storyboard */,
				E7EBFA071D5C8F8400C1FEB8 /* MapStoryboard.storyboard */,
				E7EBFA0D1D5CE97200C1FEB8 /* UserProfile.storyboard */,
				E7CB13781D5DC51500BA5AA4 /* EditUserProfile.storyboard */,
				219D49E51D50B62E006B5ADE /* Assets.xcassets */,
				219D49E71D50B62E006B5ADE /* LaunchScreen.storyboard */,
				219D49EA1D50B62E006B5ADE /* Info.plist */,
				2130A1451D510C7300B37C98 /* PinGo-Bridging-Header.h */,
				21434C381D55AB1B00B31122 /* AppUltility.swift */,
				21B3A1021D561CC700C1CE9E /* AppThemes.swift */,
				21F9E6FB1D58F2D2002D9DF6 /* Notes.swift */,
				213D284A1D64D941009A06D8 /* NothingFoundCell.xib */,
				E71389DB1D6B0D0F00FA84D0 /* forfacebook.m */,
			);
			path = PinGo;
			sourceTree = "<group>";
		};
		21FAD03D1D5EFEFC000ED89F /* NVActivityIndicatorView */ = {
			isa = PBXGroup;
			children = (
				21FAD03E1D5EFEFC000ED89F /* Animations */,
				21FAD05F1D5EFEFC000ED89F /* Info.plist */,
				21FAD0601D5EFEFC000ED89F /* NVActivityIndicatorAnimationDelegate.swift */,
				21FAD0611D5EFEFC000ED89F /* NVActivityIndicatorShape.swift */,
				21FAD0621D5EFEFC000ED89F /* NVActivityIndicatorView.h */,
				21FAD0631D5EFEFC000ED89F /* NVActivityIndicatorView.swift */,
				21FAD0641D5EFEFC000ED89F /* NVActivityIndicatorViewable.swift */,
			);
			path = NVActivityIndicatorView;
			sourceTree = "<group>";
		};
		21FAD03E1D5EFEFC000ED89F /* Animations */ = {
			isa = PBXGroup;
			children = (
				21FAD03F1D5EFEFC000ED89F /* NVActivityIndicatorAnimationAudioEqualizer.swift */,
				21FAD0401D5EFEFC000ED89F /* NVActivityIndicatorAnimationBallBeat.swift */,
				21FAD0411D5EFEFC000ED89F /* NVActivityIndicatorAnimationBallClipRotate.swift */,
				21FAD0421D5EFEFC000ED89F /* NVActivityIndicatorAnimationBallClipRotateMultiple.swift */,
				21FAD0431D5EFEFC000ED89F /* NVActivityIndicatorAnimationBallClipRotatePulse.swift */,
				21FAD0441D5EFEFC000ED89F /* NVActivityIndicatorAnimationBallGridBeat.swift */,
				21FAD0451D5EFEFC000ED89F /* NVActivityIndicatorAnimationBallGridPulse.swift */,
				21FAD0461D5EFEFC000ED89F /* NVActivityIndicatorAnimationBallPulse.swift */,
				21FAD0471D5EFEFC000ED89F /* NVActivityIndicatorAnimationBallPulseRise.swift */,
				21FAD0481D5EFEFC000ED89F /* NVActivityIndicatorAnimationBallPulseSync.swift */,
				21FAD0491D5EFEFC000ED89F /* NVActivityIndicatorAnimationBallRotate.swift */,
				21FAD04A1D5EFEFC000ED89F /* NVActivityIndicatorAnimationBallRotateChase.swift */,
				21FAD04B1D5EFEFC000ED89F /* NVActivityIndicatorAnimationBallScale.swift */,
				21FAD04C1D5EFEFC000ED89F /* NVActivityIndicatorAnimationBallScaleMultiple.swift */,
				21FAD04D1D5EFEFC000ED89F /* NVActivityIndicatorAnimationBallScaleRipple.swift */,
				21FAD04E1D5EFEFC000ED89F /* NVActivityIndicatorAnimationBallScaleRippleMultiple.swift */,
				21FAD04F1D5EFEFC000ED89F /* NVActivityIndicatorAnimationBallSpinFadeLoader.swift */,
				21FAD0501D5EFEFC000ED89F /* NVActivityIndicatorAnimationBallTrianglePath.swift */,
				21FAD0511D5EFEFC000ED89F /* NVActivityIndicatorAnimationBallZigZag.swift */,
				21FAD0521D5EFEFC000ED89F /* NVActivityIndicatorAnimationBallZigZagDeflect.swift */,
				21FAD0531D5EFEFC000ED89F /* NVActivityIndicatorAnimationBlank.swift */,
				21FAD0541D5EFEFC000ED89F /* NVActivityIndicatorAnimationCubeTransition.swift */,
				21FAD0551D5EFEFC000ED89F /* NVActivityIndicatorAnimationLineScale.swift */,
				21FAD0561D5EFEFC000ED89F /* NVActivityIndicatorAnimationLineScaleParty.swift */,
				21FAD0571D5EFEFC000ED89F /* NVActivityIndicatorAnimationLineScalePulseOut.swift */,
				21FAD0581D5EFEFC000ED89F /* NVActivityIndicatorAnimationLineScalePulseOutRapid.swift */,
				21FAD0591D5EFEFC000ED89F /* NVActivityIndicatorAnimationLineSpinFadeLoader.swift */,
				21FAD05A1D5EFEFC000ED89F /* NVActivityIndicatorAnimationOrbit.swift */,
				21FAD05B1D5EFEFC000ED89F /* NVActivityIndicatorAnimationPacman.swift */,
				21FAD05C1D5EFEFC000ED89F /* NVActivityIndicatorAnimationSemiCircleSpin.swift */,
				21FAD05D1D5EFEFC000ED89F /* NVActivityIndicatorAnimationSquareSpin.swift */,
				21FAD05E1D5EFEFC000ED89F /* NVActivityIndicatorAnimationTriangleSkewSpin.swift */,
			);
			path = Animations;
			sourceTree = "<group>";
		};
		21FC6A751D5A3CD800819090 /* Helpers */ = {
			isa = PBXGroup;
			children = (
				21FAD03D1D5EFEFC000ED89F /* NVActivityIndicatorView */,
				21250A751D648E62009C9A78 /* SkyFloatingLabelTextField */,
				21F8FE561D5A0E8600DD150D /* DimmingPresentationController.swift */,
				21FC6A761D5A5C5700819090 /* T2HGradientView.swift */,
				21FC6A781D5A65E700819090 /* T2HBouceAnimationController.swift */,
				21FC6A7A1D5A6EA900819090 /* T2HRotateOutAnimationController.swift */,
				210EF8C41D5AEEF800889AAD /* T2HTextViewWithPlaceHolder.swift */,
				210EF8C61D5B7E3000889AAD /* T2HGradientUIView.swift */,
			);
			name = Helpers;
			sourceTree = "<group>";
		};
		21FD0FA21D604695005A7421 /* API */ = {
			isa = PBXGroup;
			children = (
				21FD0FA31D6046C4005A7421 /* PinGoClient.swift */,
			);
			name = API;
			sourceTree = "<group>";
		};
		B0861E8B1D66D907002B2C7D /* CustomViews */ = {
			isa = PBXGroup;
			children = (
				B0861E8C1D66D9C1002B2C7D /* CircleImageView.swift */,
			);
			name = CustomViews;
			sourceTree = "<group>";
		};
		B0B3A8A01D5FAA9F009A177D /* SocketIOManager */ = {
			isa = PBXGroup;
			children = (
				B0B3A8A11D5FAAC3009A177D /* SocketIOManager.swift */,
			);
			name = SocketIOManager;
			sourceTree = "<group>";
		};
		B0B3A8A31D5FAC8E009A177D /* Utils */ = {
			isa = PBXGroup;
			children = (
				B0F0A5FC1D683704003C8DAD /* HandleUtil.swift */,
				B0B3A8A41D5FACAB009A177D /* Constants.swift */,
			);
			name = Utils;
			sourceTree = "<group>";
		};
		D07DBF9DE7222C3D2DDBE867 /* Frameworks */ = {
			isa = PBXGroup;
			children = (
				E7F6C8C41D6B309500A25E11 /* Bolts.framework */,
				E71389D71D6B0A3300FA84D0 /* FBSDKCoreKit.framework */,
				E71389D81D6B0A3300FA84D0 /* FBSDKLoginKit.framework */,
				6816080423E9A75F36CECBB3 /* Pods_PinGo.framework */,
			);
			name = Frameworks;
			sourceTree = "<group>";
		};
/* End PBXGroup section */

/* Begin PBXNativeTarget section */
		219D49DA1D50B62E006B5ADE /* PinGo */ = {
			isa = PBXNativeTarget;
			buildConfigurationList = 219D49ED1D50B62E006B5ADE /* Build configuration list for PBXNativeTarget "PinGo" */;
			buildPhases = (
				0E143CB058BE408EB01F5D72 /* [CP] Check Pods Manifest.lock */,
				A38CC9E81A4FADBBAAD6E6B8 /* [CP] Check Pods Manifest.lock */,
				39A0A3D0F66C64CCF59578F5 /* [CP] Check Pods Manifest.lock */,
				871DC97A4F24EFE7012E01E7 /* [CP] Check Pods Manifest.lock */,
				219D49D71D50B62E006B5ADE /* Sources */,
				219D49D81D50B62E006B5ADE /* Frameworks */,
				219D49D91D50B62E006B5ADE /* Resources */,
				69EA5965200534EF49A221B0 /* [CP] Embed Pods Frameworks */,
				713253DB9266CB90E959C811 /* [CP] Copy Pods Resources */,
				BED0D29AFE262F3C04EF567E /* 📦 Embed Pods Frameworks */,
				EE43293F02541049C3CEBB1F /* 📦 Copy Pods Resources */,
			);
			buildRules = (
			);
			dependencies = (
			);
			name = PinGo;
			productName = PinGo;
			productReference = 219D49DB1D50B62E006B5ADE /* PinGo.app */;
			productType = "com.apple.product-type.application";
		};
/* End PBXNativeTarget section */

/* Begin PBXProject section */
		219D49D31D50B62E006B5ADE /* Project object */ = {
			isa = PBXProject;
			attributes = {
				LastSwiftUpdateCheck = 0730;
				LastUpgradeCheck = 0730;
				ORGANIZATIONNAME = "Hien Tran";
				TargetAttributes = {
					219D49DA1D50B62E006B5ADE = {
						CreatedOnToolsVersion = 7.3.1;
						DevelopmentTeam = PZ96SBWHN3;
					};
				};
			};
			buildConfigurationList = 219D49D61D50B62E006B5ADE /* Build configuration list for PBXProject "PinGo" */;
			compatibilityVersion = "Xcode 3.2";
			developmentRegion = English;
			hasScannedForEncodings = 0;
			knownRegions = (
				en,
				Base,
			);
			mainGroup = 219D49D21D50B62D006B5ADE;
			productRefGroup = 219D49DC1D50B62E006B5ADE /* Products */;
			projectDirPath = "";
			projectRoot = "";
			targets = (
				219D49DA1D50B62E006B5ADE /* PinGo */,
			);
		};
/* End PBXProject section */

/* Begin PBXResourcesBuildPhase section */
		219D49D91D50B62E006B5ADE /* Resources */ = {
			isa = PBXResourcesBuildPhase;
			buildActionMask = 2147483647;
			files = (
				21008E861D71C4AD008332EC /* HelveticaNeueLTStd-Lt.ttf in Resources */,
				21008E871D71C4AD008332EC /* HelveticaNeueLTStd-LtEx.ttf in Resources */,
				21008E881D71C4AD008332EC /* Oswald.light.ttf in Resources */,
				21008E891D71C4AD008332EC /* Oswald-Regular.ttf in Resources */,
				E7EBFA081D5C8F8400C1FEB8 /* MapStoryboard.storyboard in Resources */,
				B04E73FC1D6968FA00751D4C /* UserAndWorkerProfile.storyboard in Resources */,
				E7CB13791D5DC51500BA5AA4 /* EditUserProfile.storyboard in Resources */,
				B0FC11B11D618CBB00F34FDC /* Worker.storyboard in Resources */,
				219D49E91D50B62E006B5ADE /* LaunchScreen.storyboard in Resources */,
				E7EBFA041D5C597700C1FEB8 /* LoginStoryboard.storyboard in Resources */,
				E7EBFA0F1D5CE97200C1FEB8 /* UserProfile.storyboard in Resources */,
				E725C8411D697F560061A6AB /* MapWorkerStoryboard.storyboard in Resources */,
				219D49E61D50B62E006B5ADE /* Assets.xcassets in Resources */,
				219D49E41D50B62E006B5ADE /* Main.storyboard in Resources */,
				213D284B1D64D941009A06D8 /* NothingFoundCell.xib in Resources */,
				21FAD0851D5EFEFC000ED89F /* Info.plist in Resources */,
			);
			runOnlyForDeploymentPostprocessing = 0;
		};
/* End PBXResourcesBuildPhase section */

/* Begin PBXShellScriptBuildPhase section */
		0E143CB058BE408EB01F5D72 /* [CP] Check Pods Manifest.lock */ = {
			isa = PBXShellScriptBuildPhase;
			buildActionMask = 2147483647;
			files = (
			);
			inputPaths = (
			);
			name = "[CP] Check Pods Manifest.lock";
			outputPaths = (
			);
			runOnlyForDeploymentPostprocessing = 0;
			shellPath = /bin/sh;
			shellScript = "diff \"${PODS_ROOT}/../Podfile.lock\" \"${PODS_ROOT}/Manifest.lock\" > /dev/null\nif [[ $? != 0 ]] ; then\n    cat << EOM\nerror: The sandbox is not in sync with the Podfile.lock. Run 'pod install' or update your CocoaPods installation.\nEOM\n    exit 1\nfi\n";
			showEnvVarsInLog = 0;
		};
		39A0A3D0F66C64CCF59578F5 /* [CP] Check Pods Manifest.lock */ = {
			isa = PBXShellScriptBuildPhase;
			buildActionMask = 2147483647;
			files = (
			);
			inputPaths = (
			);
			name = "[CP] Check Pods Manifest.lock";
			outputPaths = (
			);
			runOnlyForDeploymentPostprocessing = 0;
			shellPath = /bin/sh;
			shellScript = "diff \"${PODS_ROOT}/../Podfile.lock\" \"${PODS_ROOT}/Manifest.lock\" > /dev/null\nif [[ $? != 0 ]] ; then\n    cat << EOM\nerror: The sandbox is not in sync with the Podfile.lock. Run 'pod install' or update your CocoaPods installation.\nEOM\n    exit 1\nfi\n";
			showEnvVarsInLog = 0;
		};
		69EA5965200534EF49A221B0 /* [CP] Embed Pods Frameworks */ = {
			isa = PBXShellScriptBuildPhase;
			buildActionMask = 2147483647;
			files = (
			);
			inputPaths = (
			);
			name = "[CP] Embed Pods Frameworks";
			outputPaths = (
			);
			runOnlyForDeploymentPostprocessing = 0;
			shellPath = /bin/sh;
			shellScript = "\"${SRCROOT}/Pods/Target Support Files/Pods-PinGo/Pods-PinGo-frameworks.sh\"\n";
			showEnvVarsInLog = 0;
		};
		713253DB9266CB90E959C811 /* [CP] Copy Pods Resources */ = {
			isa = PBXShellScriptBuildPhase;
			buildActionMask = 2147483647;
			files = (
			);
			inputPaths = (
			);
			name = "[CP] Copy Pods Resources";
			outputPaths = (
			);
			runOnlyForDeploymentPostprocessing = 0;
			shellPath = /bin/sh;
			shellScript = "\"${SRCROOT}/Pods/Target Support Files/Pods-PinGo/Pods-PinGo-resources.sh\"\n";
			showEnvVarsInLog = 0;
		};
		871DC97A4F24EFE7012E01E7 /* [CP] Check Pods Manifest.lock */ = {
			isa = PBXShellScriptBuildPhase;
			buildActionMask = 2147483647;
			files = (
			);
			inputPaths = (
			);
			name = "[CP] Check Pods Manifest.lock";
			outputPaths = (
			);
			runOnlyForDeploymentPostprocessing = 0;
			shellPath = /bin/sh;
			shellScript = "diff \"${PODS_ROOT}/../Podfile.lock\" \"${PODS_ROOT}/Manifest.lock\" > /dev/null\nif [[ $? != 0 ]] ; then\n    cat << EOM\nerror: The sandbox is not in sync with the Podfile.lock. Run 'pod install' or update your CocoaPods installation.\nEOM\n    exit 1\nfi\n";
			showEnvVarsInLog = 0;
		};
		A38CC9E81A4FADBBAAD6E6B8 /* [CP] Check Pods Manifest.lock */ = {
			isa = PBXShellScriptBuildPhase;
			buildActionMask = 2147483647;
			files = (
			);
			inputPaths = (
			);
			name = "[CP] Check Pods Manifest.lock";
			outputPaths = (
			);
			runOnlyForDeploymentPostprocessing = 0;
			shellPath = /bin/sh;
			shellScript = "diff \"${PODS_ROOT}/../Podfile.lock\" \"${PODS_ROOT}/Manifest.lock\" > /dev/null\nif [[ $? != 0 ]] ; then\n    cat << EOM\nerror: The sandbox is not in sync with the Podfile.lock. Run 'pod install' or update your CocoaPods installation.\nEOM\n    exit 1\nfi\n";
			showEnvVarsInLog = 0;
		};
		BED0D29AFE262F3C04EF567E /* 📦 Embed Pods Frameworks */ = {
			isa = PBXShellScriptBuildPhase;
			buildActionMask = 2147483647;
			files = (
			);
			inputPaths = (
			);
			name = "📦 Embed Pods Frameworks";
			outputPaths = (
			);
			runOnlyForDeploymentPostprocessing = 0;
			shellPath = /bin/sh;
			shellScript = "\"${SRCROOT}/Pods/Target Support Files/Pods-PinGo/Pods-PinGo-frameworks.sh\"\n";
			showEnvVarsInLog = 0;
		};
		EE43293F02541049C3CEBB1F /* 📦 Copy Pods Resources */ = {
			isa = PBXShellScriptBuildPhase;
			buildActionMask = 2147483647;
			files = (
			);
			inputPaths = (
			);
			name = "📦 Copy Pods Resources";
			outputPaths = (
			);
			runOnlyForDeploymentPostprocessing = 0;
			shellPath = /bin/sh;
			shellScript = "\"${SRCROOT}/Pods/Target Support Files/Pods-PinGo/Pods-PinGo-resources.sh\"\n";
			showEnvVarsInLog = 0;
		};
/* End PBXShellScriptBuildPhase section */

/* Begin PBXSourcesBuildPhase section */
		219D49D71D50B62E006B5ADE /* Sources */ = {
			isa = PBXSourcesBuildPhase;
			buildActionMask = 2147483647;
			files = (
				E7CB13811D5DEECD00BA5AA4 /* PaymentCell.swift in Sources */,
				21FAD0831D5EFEFC000ED89F /* NVActivityIndicatorAnimationSquareSpin.swift in Sources */,
				21B3A1031D561CC700C1CE9E /* AppThemes.swift in Sources */,
				21FAD0651D5EFEFC000ED89F /* NVActivityIndicatorAnimationAudioEqualizer.swift in Sources */,
				21FAD0721D5EFEFC000ED89F /* NVActivityIndicatorAnimationBallScaleMultiple.swift in Sources */,
				21434C441D55AEE600B31122 /* Ticket.swift in Sources */,
				21FAD07B1D5EFEFC000ED89F /* NVActivityIndicatorAnimationLineScale.swift in Sources */,
				E7120D341D61C19100193061 /* MapViewController.swift in Sources */,
				21FAD07D1D5EFEFC000ED89F /* NVActivityIndicatorAnimationLineScalePulseOut.swift in Sources */,
				21FD0FA41D6046C4005A7421 /* PinGoClient.swift in Sources */,
				21F9E7001D58F95D002D9DF6 /* WorkerHistoryCell.swift in Sources */,
				21FAD0761D5EFEFC000ED89F /* NVActivityIndicatorAnimationBallTrianglePath.swift in Sources */,
				B0861E8D1D66D9C1002B2C7D /* CircleImageView.swift in Sources */,
				21FAD0661D5EFEFC000ED89F /* NVActivityIndicatorAnimationBallBeat.swift in Sources */,
				21FAD07C1D5EFEFC000ED89F /* NVActivityIndicatorAnimationLineScaleParty.swift in Sources */,
				21FC6A771D5A5C5700819090 /* T2HGradientView.swift in Sources */,
				21B3A1051D562C3800C1CE9E /* CreateTicketViewController.swift in Sources */,
				21FAD06C1D5EFEFC000ED89F /* NVActivityIndicatorAnimationBallPulse.swift in Sources */,
				2130A14E1D51191C00B37C98 /* HomeTimelineViewController.swift in Sources */,
				21434C331D559EAD00B31122 /* BaseViewController.swift in Sources */,
				21FAD07E1D5EFEFC000ED89F /* NVActivityIndicatorAnimationLineScalePulseOutRapid.swift in Sources */,
				21FAD0881D5EFEFC000ED89F /* NVActivityIndicatorView.swift in Sources */,
				21434C3E1D55AC4700B31122 /* Location.swift in Sources */,
				B0B3A8A21D5FAAC3009A177D /* SocketIOManager.swift in Sources */,
				21FAD06B1D5EFEFC000ED89F /* NVActivityIndicatorAnimationBallGridPulse.swift in Sources */,
				21FAD0751D5EFEFC000ED89F /* NVActivityIndicatorAnimationBallSpinFadeLoader.swift in Sources */,
				21FAD0781D5EFEFC000ED89F /* NVActivityIndicatorAnimationBallZigZagDeflect.swift in Sources */,
				21008E7F1D71A08F008332EC /* DateTimePickerViewController.swift in Sources */,
				E71389DC1D6B0D0F00FA84D0 /* forfacebook.m in Sources */,
				21FEDDD51D526F7A00AF58EF /* UserProfileViewController.swift in Sources */,
				21F9E6FC1D58F2D2002D9DF6 /* Notes.swift in Sources */,
				21F9E7041D5901F3002D9DF6 /* TicketRatingViewController.swift in Sources */,
				21B3A10B1D56DF1700C1CE9E /* UITextField+fixCaretPosition.swift in Sources */,
				B04E73FE1D6991E800751D4C /* HistoryTicketCell.swift in Sources */,
				21FAD0671D5EFEFC000ED89F /* NVActivityIndicatorAnimationBallClipRotate.swift in Sources */,
				E7EBFA061D5C6AE900C1FEB8 /* LoginViewController.swift in Sources */,
				E7CB137B1D5DC69700BA5AA4 /* EditUserProfileViewController.swift in Sources */,
				B0F0A5FB1D6836C3003C8DAD /* WorkerTicketCell.swift in Sources */,
				21FAD0891D5EFEFC000ED89F /* NVActivityIndicatorViewable.swift in Sources */,
				21434C371D55AA5F00B31122 /* RequestStatusCell.swift in Sources */,
				21F9E6FE1D58F930002D9DF6 /* WorkerHistoryViewController.swift in Sources */,
				21FAD0791D5EFEFC000ED89F /* NVActivityIndicatorAnimationBlank.swift in Sources */,
				21FAD0701D5EFEFC000ED89F /* NVActivityIndicatorAnimationBallRotateChase.swift in Sources */,
				21F9E6F81D58F27B002D9DF6 /* WorkerDetailCell.swift in Sources */,
				21FAD06D1D5EFEFC000ED89F /* NVActivityIndicatorAnimationBallPulseRise.swift in Sources */,
				21FAD06E1D5EFEFC000ED89F /* NVActivityIndicatorAnimationBallPulseSync.swift in Sources */,
				21A6F9861D69A78400AA2EBF /* TicketImageCell.swift in Sources */,
				B0F0A5F91D683669003C8DAD /* HomeTimeLineWorker.swift in Sources */,
				21A3018D1D73052B0073459E /* AddTicketDetailViewController.swift in Sources */,
				21FAD0801D5EFEFC000ED89F /* NVActivityIndicatorAnimationOrbit.swift in Sources */,
				21FAD0681D5EFEFC000ED89F /* NVActivityIndicatorAnimationBallClipRotateMultiple.swift in Sources */,
				B0FC11B71D62276400F34FDC /* WorkerProfileController.swift in Sources */,
				21434C421D55ACE300B31122 /* Worker.swift in Sources */,
				21FAD0771D5EFEFC000ED89F /* NVActivityIndicatorAnimationBallZigZag.swift in Sources */,
				21F8FE571D5A0E8600DD150D /* DimmingPresentationController.swift in Sources */,
				21FAD0691D5EFEFC000ED89F /* NVActivityIndicatorAnimationBallClipRotatePulse.swift in Sources */,
				21434C401D55ACAC00B31122 /* User.swift in Sources */,
				219D49DF1D50B62E006B5ADE /* AppDelegate.swift in Sources */,
				21434C391D55AB1B00B31122 /* AppUltility.swift in Sources */,
				B0B3A8A71D5FAD26009A177D /* Rating.swift in Sources */,
				21434C3B1D55AB9C00B31122 /* UserProfile.swift in Sources */,
				B0B3A8A51D5FACAB009A177D /* Constants.swift in Sources */,
				21434C461D55AF2F00B31122 /* TicketCategory.swift in Sources */,
				21A6F9801D69792800AA2EBF /* SetPricePopUpViewController.swift in Sources */,
				B0B3A89F1D5FAA0C009A177D /* ImageResource.swift in Sources */,
				21FAD0811D5EFEFC000ED89F /* NVActivityIndicatorAnimationPacman.swift in Sources */,
				21B3A1091D56DC2D00C1CE9E /* SkyFloatingLabelTextField.swift in Sources */,
				21FC6A791D5A65E700819090 /* T2HBouceAnimationController.swift in Sources */,
				21FAD06A1D5EFEFC000ED89F /* NVActivityIndicatorAnimationBallGridBeat.swift in Sources */,
				21FAD0871D5EFEFC000ED89F /* NVActivityIndicatorShape.swift in Sources */,
				21A6F9821D69971900AA2EBF /* TicketPhotoViewController.swift in Sources */,
				21F9E6FA1D58F2B6002D9DF6 /* TicketBiddingViewController.swift in Sources */,
				21FAD07F1D5EFEFC000ED89F /* NVActivityIndicatorAnimationLineSpinFadeLoader.swift in Sources */,
				21FAD0731D5EFEFC000ED89F /* NVActivityIndicatorAnimationBallScaleRipple.swift in Sources */,
				21FAD06F1D5EFEFC000ED89F /* NVActivityIndicatorAnimationBallRotate.swift in Sources */,
				B0F0A5FD1D683704003C8DAD /* HandleUtil.swift in Sources */,
				21FAD0821D5EFEFC000ED89F /* NVActivityIndicatorAnimationSemiCircleSpin.swift in Sources */,
				21FAD0711D5EFEFC000ED89F /* NVActivityIndicatorAnimationBallScale.swift in Sources */,
				210EF8C51D5AEEF800889AAD /* T2HTextViewWithPlaceHolder.swift in Sources */,
				21FAD07A1D5EFEFC000ED89F /* NVActivityIndicatorAnimationCubeTransition.swift in Sources */,
				21FC6A7B1D5A6EA900819090 /* T2HRotateOutAnimationController.swift in Sources */,
				21FAD0741D5EFEFC000ED89F /* NVActivityIndicatorAnimationBallScaleRippleMultiple.swift in Sources */,
				210EF8C71D5B7E3000889AAD /* T2HGradientUIView.swift in Sources */,
				21B3A1071D56379C00C1CE9E /* CategoryCell.swift in Sources */,
				E725C8391D69638D0061A6AB /* WorkerMapViewController.swift in Sources */,
				21FAD0861D5EFEFC000ED89F /* NVActivityIndicatorAnimationDelegate.swift in Sources */,
				21A6F9841D699EFC00AA2EBF /* TicketDetailViewController.swift in Sources */,
				21FAD0841D5EFEFC000ED89F /* NVActivityIndicatorAnimationTriangleSkewSpin.swift in Sources */,
				210981251D6D6A8800F6189A /* PhotoSlidePageViewController.swift in Sources */,
			);
			runOnlyForDeploymentPostprocessing = 0;
		};
/* End PBXSourcesBuildPhase section */

/* Begin PBXVariantGroup section */
		219D49E21D50B62E006B5ADE /* Main.storyboard */ = {
			isa = PBXVariantGroup;
			children = (
				219D49E31D50B62E006B5ADE /* Base */,
			);
			name = Main.storyboard;
			sourceTree = "<group>";
		};
		219D49E71D50B62E006B5ADE /* LaunchScreen.storyboard */ = {
			isa = PBXVariantGroup;
			children = (
				219D49E81D50B62E006B5ADE /* Base */,
			);
			name = LaunchScreen.storyboard;
			sourceTree = "<group>";
		};
		E7EBFA0D1D5CE97200C1FEB8 /* UserProfile.storyboard */ = {
			isa = PBXVariantGroup;
			children = (
				E7EBFA0E1D5CE97200C1FEB8 /* Base */,
			);
			name = UserProfile.storyboard;
			sourceTree = "<group>";
		};
/* End PBXVariantGroup section */

/* Begin XCBuildConfiguration section */
		219D49EB1D50B62E006B5ADE /* Debug */ = {
			isa = XCBuildConfiguration;
			buildSettings = {
				ALWAYS_SEARCH_USER_PATHS = NO;
				CLANG_ANALYZER_NONNULL = YES;
				CLANG_CXX_LANGUAGE_STANDARD = "gnu++0x";
				CLANG_CXX_LIBRARY = "libc++";
				CLANG_ENABLE_MODULES = YES;
				CLANG_ENABLE_OBJC_ARC = YES;
				CLANG_WARN_BOOL_CONVERSION = YES;
				CLANG_WARN_CONSTANT_CONVERSION = YES;
				CLANG_WARN_DIRECT_OBJC_ISA_USAGE = YES_ERROR;
				CLANG_WARN_EMPTY_BODY = YES;
				CLANG_WARN_ENUM_CONVERSION = YES;
				CLANG_WARN_INT_CONVERSION = YES;
				CLANG_WARN_OBJC_ROOT_CLASS = YES_ERROR;
				CLANG_WARN_UNREACHABLE_CODE = YES;
				CLANG_WARN__DUPLICATE_METHOD_MATCH = YES;
				"CODE_SIGN_IDENTITY[sdk=iphoneos*]" = "iPhone Developer";
				COPY_PHASE_STRIP = NO;
				DEBUG_INFORMATION_FORMAT = dwarf;
				ENABLE_STRICT_OBJC_MSGSEND = YES;
				ENABLE_TESTABILITY = YES;
				GCC_C_LANGUAGE_STANDARD = gnu99;
				GCC_DYNAMIC_NO_PIC = NO;
				GCC_NO_COMMON_BLOCKS = YES;
				GCC_OPTIMIZATION_LEVEL = 0;
				GCC_PREPROCESSOR_DEFINITIONS = (
					"DEBUG=1",
					"$(inherited)",
				);
				GCC_WARN_64_TO_32_BIT_CONVERSION = YES;
				GCC_WARN_ABOUT_RETURN_TYPE = YES_ERROR;
				GCC_WARN_UNDECLARED_SELECTOR = YES;
				GCC_WARN_UNINITIALIZED_AUTOS = YES_AGGRESSIVE;
				GCC_WARN_UNUSED_FUNCTION = YES;
				GCC_WARN_UNUSED_VARIABLE = YES;
				IPHONEOS_DEPLOYMENT_TARGET = 9.3;
				MTL_ENABLE_DEBUG_INFO = YES;
				ONLY_ACTIVE_ARCH = YES;
				SDKROOT = iphoneos;
				SWIFT_OPTIMIZATION_LEVEL = "-Onone";
			};
			name = Debug;
		};
		219D49EC1D50B62E006B5ADE /* Release */ = {
			isa = XCBuildConfiguration;
			buildSettings = {
				ALWAYS_SEARCH_USER_PATHS = NO;
				CLANG_ANALYZER_NONNULL = YES;
				CLANG_CXX_LANGUAGE_STANDARD = "gnu++0x";
				CLANG_CXX_LIBRARY = "libc++";
				CLANG_ENABLE_MODULES = YES;
				CLANG_ENABLE_OBJC_ARC = YES;
				CLANG_WARN_BOOL_CONVERSION = YES;
				CLANG_WARN_CONSTANT_CONVERSION = YES;
				CLANG_WARN_DIRECT_OBJC_ISA_USAGE = YES_ERROR;
				CLANG_WARN_EMPTY_BODY = YES;
				CLANG_WARN_ENUM_CONVERSION = YES;
				CLANG_WARN_INT_CONVERSION = YES;
				CLANG_WARN_OBJC_ROOT_CLASS = YES_ERROR;
				CLANG_WARN_UNREACHABLE_CODE = YES;
				CLANG_WARN__DUPLICATE_METHOD_MATCH = YES;
				"CODE_SIGN_IDENTITY[sdk=iphoneos*]" = "iPhone Developer";
				COPY_PHASE_STRIP = NO;
				DEBUG_INFORMATION_FORMAT = "dwarf-with-dsym";
				ENABLE_NS_ASSERTIONS = NO;
				ENABLE_STRICT_OBJC_MSGSEND = YES;
				GCC_C_LANGUAGE_STANDARD = gnu99;
				GCC_NO_COMMON_BLOCKS = YES;
				GCC_WARN_64_TO_32_BIT_CONVERSION = YES;
				GCC_WARN_ABOUT_RETURN_TYPE = YES_ERROR;
				GCC_WARN_UNDECLARED_SELECTOR = YES;
				GCC_WARN_UNINITIALIZED_AUTOS = YES_AGGRESSIVE;
				GCC_WARN_UNUSED_FUNCTION = YES;
				GCC_WARN_UNUSED_VARIABLE = YES;
				IPHONEOS_DEPLOYMENT_TARGET = 9.3;
				MTL_ENABLE_DEBUG_INFO = NO;
				SDKROOT = iphoneos;
				VALIDATE_PRODUCT = YES;
			};
			name = Release;
		};
		219D49EE1D50B62E006B5ADE /* Debug */ = {
			isa = XCBuildConfiguration;
			baseConfigurationReference = ED68344C6C8996F6D0AE5D86 /* Pods-PinGo.debug.xcconfig */;
			buildSettings = {
				ASSETCATALOG_COMPILER_APPICON_NAME = AppIcon;
				CLANG_ENABLE_MODULES = YES;
				CODE_SIGN_IDENTITY = "iPhone Developer";
				"CODE_SIGN_IDENTITY[sdk=iphoneos*]" = "iPhone Developer";
				FRAMEWORK_SEARCH_PATHS = (
					"$(inherited)",
					"$(PROJECT_DIR)",
				);
				INFOPLIST_FILE = PinGo/Info.plist;
				IPHONEOS_DEPLOYMENT_TARGET = 9.0;
				LD_RUNPATH_SEARCH_PATHS = "$(inherited) @executable_path/Frameworks";
				PRODUCT_BUNDLE_IDENTIFIER = com.ballssqueezer.PinGo;
				PRODUCT_NAME = "$(TARGET_NAME)";
				PROVISIONING_PROFILE = "";
				SWIFT_OBJC_BRIDGING_HEADER = "PinGo/PinGo-Bridging-Header.h";
				SWIFT_OPTIMIZATION_LEVEL = "-Onone";
				TARGETED_DEVICE_FAMILY = 1;
			};
			name = Debug;
		};
		219D49EF1D50B62E006B5ADE /* Release */ = {
			isa = XCBuildConfiguration;
			baseConfigurationReference = 46B67295BCB5B178E35CE385 /* Pods-PinGo.release.xcconfig */;
			buildSettings = {
				ASSETCATALOG_COMPILER_APPICON_NAME = AppIcon;
				CLANG_ENABLE_MODULES = YES;
				CODE_SIGN_IDENTITY = "iPhone Developer";
				"CODE_SIGN_IDENTITY[sdk=iphoneos*]" = "iPhone Developer";
				FRAMEWORK_SEARCH_PATHS = (
					"$(inherited)",
					"$(PROJECT_DIR)",
				);
				INFOPLIST_FILE = PinGo/Info.plist;
				IPHONEOS_DEPLOYMENT_TARGET = 9.0;
				LD_RUNPATH_SEARCH_PATHS = "$(inherited) @executable_path/Frameworks";
				PRODUCT_BUNDLE_IDENTIFIER = com.ballssqueezer.PinGo;
				PRODUCT_NAME = "$(TARGET_NAME)";
				PROVISIONING_PROFILE = "";
				SWIFT_OBJC_BRIDGING_HEADER = "PinGo/PinGo-Bridging-Header.h";
				TARGETED_DEVICE_FAMILY = 1;
			};
			name = Release;
		};
/* End XCBuildConfiguration section */

/* Begin XCConfigurationList section */
		219D49D61D50B62E006B5ADE /* Build configuration list for PBXProject "PinGo" */ = {
			isa = XCConfigurationList;
			buildConfigurations = (
				219D49EB1D50B62E006B5ADE /* Debug */,
				219D49EC1D50B62E006B5ADE /* Release */,
			);
			defaultConfigurationIsVisible = 0;
			defaultConfigurationName = Release;
		};
		219D49ED1D50B62E006B5ADE /* Build configuration list for PBXNativeTarget "PinGo" */ = {
			isa = XCConfigurationList;
			buildConfigurations = (
				219D49EE1D50B62E006B5ADE /* Debug */,
				219D49EF1D50B62E006B5ADE /* Release */,
			);
			defaultConfigurationIsVisible = 0;
			defaultConfigurationName = Release;
		};
/* End XCConfigurationList section */
	};
	rootObject = 219D49D31D50B62E006B5ADE /* Project object */;
}
